// !$*UTF8*$!
{
	archiveVersion = 1;
	classes = {
	};
	objectVersion = 56;
	objects = {

/* Begin PBXBuildFile section */
		256877722C258B190041E16A /* Geo_GoApp.swift in Sources */ = {isa = PBXBuildFile; fileRef = 256877712C258B190041E16A /* Geo_GoApp.swift */; };
		256877742C258B190041E16A /* ContentView.swift in Sources */ = {isa = PBXBuildFile; fileRef = 256877732C258B190041E16A /* ContentView.swift */; };
		256877762C258B1B0041E16A /* Assets.xcassets in Resources */ = {isa = PBXBuildFile; fileRef = 256877752C258B1B0041E16A /* Assets.xcassets */; };
		256877792C258B1B0041E16A /* Preview Assets.xcassets in Resources */ = {isa = PBXBuildFile; fileRef = 256877782C258B1B0041E16A /* Preview Assets.xcassets */; };
		256877862C25C17C0041E16A /* AccessScreen.swift in Sources */ = {isa = PBXBuildFile; fileRef = 256877852C25C17C0041E16A /* AccessScreen.swift */; };
		256877882C25C1D90041E16A /* AccessViewModel.swift in Sources */ = {isa = PBXBuildFile; fileRef = 256877872C25C1D90041E16A /* AccessViewModel.swift */; };
		2568778C2C25C25A0041E16A /* LocationManager.swift in Sources */ = {isa = PBXBuildFile; fileRef = 2568778B2C25C25A0041E16A /* LocationManager.swift */; };
		2568778F2C25C2A80041E16A /* Alert.swift in Sources */ = {isa = PBXBuildFile; fileRef = 2568778E2C25C2A80041E16A /* Alert.swift */; };
		256877932C25C4E80041E16A /* Localizable.strings in Resources */ = {isa = PBXBuildFile; fileRef = 256877912C25C4E80041E16A /* Localizable.strings */; };
		256877992C25C63C0041E16A /* LoadingView.swift in Sources */ = {isa = PBXBuildFile; fileRef = 256877982C25C63C0041E16A /* LoadingView.swift */; };
		2568779C2C25C93D0041E16A /* GGButton.swift in Sources */ = {isa = PBXBuildFile; fileRef = 2568779B2C25C93D0041E16A /* GGButton.swift */; };
		2568779F2C25CA150041E16A /* Constants.swift in Sources */ = {isa = PBXBuildFile; fileRef = 2568779E2C25CA150041E16A /* Constants.swift */; };
		256877A32C25D1470041E16A /* NetworkService.swift in Sources */ = {isa = PBXBuildFile; fileRef = 256877A22C25D1460041E16A /* NetworkService.swift */; };
		256877A52C25D16F0041E16A /* GetServerLinks.swift in Sources */ = {isa = PBXBuildFile; fileRef = 256877A42C25D16F0041E16A /* GetServerLinks.swift */; };
		256877A82C25D1FF0041E16A /* NetworkError.swift in Sources */ = {isa = PBXBuildFile; fileRef = 256877A72C25D1FF0041E16A /* NetworkError.swift */; };
		256877AB2C26B0870041E16A /* AddNameScreen.swift in Sources */ = {isa = PBXBuildFile; fileRef = 256877AA2C26B0870041E16A /* AddNameScreen.swift */; };
/* End PBXBuildFile section */

/* Begin PBXFileReference section */
		2568776E2C258B190041E16A /* Geo Go.app */ = {isa = PBXFileReference; explicitFileType = wrapper.application; includeInIndex = 0; path = "Geo Go.app"; sourceTree = BUILT_PRODUCTS_DIR; };
		256877712C258B190041E16A /* Geo_GoApp.swift */ = {isa = PBXFileReference; lastKnownFileType = sourcecode.swift; path = Geo_GoApp.swift; sourceTree = "<group>"; };
		256877732C258B190041E16A /* ContentView.swift */ = {isa = PBXFileReference; lastKnownFileType = sourcecode.swift; path = ContentView.swift; sourceTree = "<group>"; };
		256877752C258B1B0041E16A /* Assets.xcassets */ = {isa = PBXFileReference; lastKnownFileType = folder.assetcatalog; path = Assets.xcassets; sourceTree = "<group>"; };
		256877782C258B1B0041E16A /* Preview Assets.xcassets */ = {isa = PBXFileReference; lastKnownFileType = folder.assetcatalog; path = "Preview Assets.xcassets"; sourceTree = "<group>"; };
		256877852C25C17C0041E16A /* AccessScreen.swift */ = {isa = PBXFileReference; lastKnownFileType = sourcecode.swift; path = AccessScreen.swift; sourceTree = "<group>"; };
		256877872C25C1D90041E16A /* AccessViewModel.swift */ = {isa = PBXFileReference; lastKnownFileType = sourcecode.swift; path = AccessViewModel.swift; sourceTree = "<group>"; };
		2568778B2C25C25A0041E16A /* LocationManager.swift */ = {isa = PBXFileReference; lastKnownFileType = sourcecode.swift; path = LocationManager.swift; sourceTree = "<group>"; };
		2568778E2C25C2A80041E16A /* Alert.swift */ = {isa = PBXFileReference; lastKnownFileType = sourcecode.swift; path = Alert.swift; sourceTree = "<group>"; };
		256877922C25C4E80041E16A /* en */ = {isa = PBXFileReference; lastKnownFileType = text.plist.strings; name = en; path = en.lproj/Localizable.strings; sourceTree = "<group>"; };
		256877942C25C55D0041E16A /* kaa */ = {isa = PBXFileReference; lastKnownFileType = text.plist.strings; name = kaa; path = kaa.lproj/Localizable.strings; sourceTree = "<group>"; };
		256877952C25C55F0041E16A /* ru */ = {isa = PBXFileReference; lastKnownFileType = text.plist.strings; name = ru; path = ru.lproj/Localizable.strings; sourceTree = "<group>"; };
		256877962C25C5600041E16A /* uz */ = {isa = PBXFileReference; lastKnownFileType = text.plist.strings; name = uz; path = uz.lproj/Localizable.strings; sourceTree = "<group>"; };
		256877982C25C63C0041E16A /* LoadingView.swift */ = {isa = PBXFileReference; lastKnownFileType = sourcecode.swift; path = LoadingView.swift; sourceTree = "<group>"; };
		2568779B2C25C93D0041E16A /* GGButton.swift */ = {isa = PBXFileReference; lastKnownFileType = sourcecode.swift; path = GGButton.swift; sourceTree = "<group>"; };
		2568779E2C25CA150041E16A /* Constants.swift */ = {isa = PBXFileReference; lastKnownFileType = sourcecode.swift; path = Constants.swift; sourceTree = "<group>"; };
		256877A22C25D1460041E16A /* NetworkService.swift */ = {isa = PBXFileReference; lastKnownFileType = sourcecode.swift; path = NetworkService.swift; sourceTree = "<group>"; };
		256877A42C25D16F0041E16A /* GetServerLinks.swift */ = {isa = PBXFileReference; lastKnownFileType = sourcecode.swift; path = GetServerLinks.swift; sourceTree = "<group>"; };
		256877A72C25D1FF0041E16A /* NetworkError.swift */ = {isa = PBXFileReference; lastKnownFileType = sourcecode.swift; path = NetworkError.swift; sourceTree = "<group>"; };
		256877AA2C26B0870041E16A /* AddNameScreen.swift */ = {isa = PBXFileReference; lastKnownFileType = sourcecode.swift; path = AddNameScreen.swift; sourceTree = "<group>"; };
/* End PBXFileReference section */

/* Begin PBXFrameworksBuildPhase section */
		2568776B2C258B190041E16A /* Frameworks */ = {
			isa = PBXFrameworksBuildPhase;
			buildActionMask = 2147483647;
			files = (
			);
			runOnlyForDeploymentPostprocessing = 0;
		};
/* End PBXFrameworksBuildPhase section */

/* Begin PBXGroup section */
		256877652C258B190041E16A = {
			isa = PBXGroup;
			children = (
				256877702C258B190041E16A /* Geo Go */,
				2568776F2C258B190041E16A /* Products */,
			);
			sourceTree = "<group>";
		};
		2568776F2C258B190041E16A /* Products */ = {
			isa = PBXGroup;
			children = (
				2568776E2C258B190041E16A /* Geo Go.app */,
			);
			name = Products;
			sourceTree = "<group>";
		};
		256877702C258B190041E16A /* Geo Go */ = {
			isa = PBXGroup;
			children = (
				256877A02C25D1230041E16A /* Model */,
				256877902C25C3500041E16A /* Resources */,
				2568778A2C25C2350041E16A /* LocationManager */,
				256877812C25C1300041E16A /* Utilities */,
				256877802C25BEBC0041E16A /* Screens */,
				2568777F2C25BEA40041E16A /* Views */,
				256877712C258B190041E16A /* Geo_GoApp.swift */,
				256877732C258B190041E16A /* ContentView.swift */,
				256877752C258B1B0041E16A /* Assets.xcassets */,
				256877772C258B1B0041E16A /* Preview Content */,
			);
			path = "Geo Go";
			sourceTree = "<group>";
		};
		256877772C258B1B0041E16A /* Preview Content */ = {
			isa = PBXGroup;
			children = (
				256877782C258B1B0041E16A /* Preview Assets.xcassets */,
			);
			path = "Preview Content";
			sourceTree = "<group>";
		};
		2568777F2C25BEA40041E16A /* Views */ = {
			isa = PBXGroup;
			children = (
			);
			path = Views;
			sourceTree = "<group>";
		};
		256877802C25BEBC0041E16A /* Screens */ = {
			isa = PBXGroup;
			children = (
				256877832C25C14D0041E16A /* Main */,
				256877822C25C1440041E16A /* Auth */,
			);
			path = Screens;
			sourceTree = "<group>";
		};
		256877812C25C1300041E16A /* Utilities */ = {
			isa = PBXGroup;
			children = (
				256877A62C25D1E90041E16A /* Network */,
				2568779D2C25C9FE0041E16A /* Constants */,
				2568779A2C25C91D0041E16A /* Buttons */,
				256877972C25C6240041E16A /* UIKit Components */,
				2568778D2C25C28F0041E16A /* Extensions */,
			);
			path = Utilities;
			sourceTree = "<group>";
		};
		256877822C25C1440041E16A /* Auth */ = {
			isa = PBXGroup;
			children = (
				256877A92C26B0640041E16A /* SetName */,
				256877842C25C1560041E16A /* Access */,
			);
			path = Auth;
			sourceTree = "<group>";
		};
		256877832C25C14D0041E16A /* Main */ = {
			isa = PBXGroup;
			children = (
			);
			path = Main;
			sourceTree = "<group>";
		};
		256877842C25C1560041E16A /* Access */ = {
			isa = PBXGroup;
			children = (
				256877852C25C17C0041E16A /* AccessScreen.swift */,
				256877872C25C1D90041E16A /* AccessViewModel.swift */,
			);
			path = Access;
			sourceTree = "<group>";
		};
		2568778A2C25C2350041E16A /* LocationManager */ = {
			isa = PBXGroup;
			children = (
				2568778B2C25C25A0041E16A /* LocationManager.swift */,
			);
			path = LocationManager;
			sourceTree = "<group>";
		};
		2568778D2C25C28F0041E16A /* Extensions */ = {
			isa = PBXGroup;
			children = (
				2568778E2C25C2A80041E16A /* Alert.swift */,
			);
			path = Extensions;
			sourceTree = "<group>";
		};
		256877902C25C3500041E16A /* Resources */ = {
			isa = PBXGroup;
			children = (
				256877912C25C4E80041E16A /* Localizable.strings */,
			);
			path = Resources;
			sourceTree = "<group>";
		};
		256877972C25C6240041E16A /* UIKit Components */ = {
			isa = PBXGroup;
			children = (
				256877982C25C63C0041E16A /* LoadingView.swift */,
			);
			path = "UIKit Components";
			sourceTree = "<group>";
		};
		2568779A2C25C91D0041E16A /* Buttons */ = {
			isa = PBXGroup;
			children = (
				2568779B2C25C93D0041E16A /* GGButton.swift */,
			);
			path = Buttons;
			sourceTree = "<group>";
		};
		2568779D2C25C9FE0041E16A /* Constants */ = {
			isa = PBXGroup;
			children = (
				2568779E2C25CA150041E16A /* Constants.swift */,
			);
			path = Constants;
			sourceTree = "<group>";
		};
		256877A02C25D1230041E16A /* Model */ = {
			isa = PBXGroup;
			children = (
				256877A12C25D1300041E16A /* Network */,
				256877A42C25D16F0041E16A /* GetServerLinks.swift */,
			);
			path = Model;
			sourceTree = "<group>";
		};
		256877A12C25D1300041E16A /* Network */ = {
			isa = PBXGroup;
			children = (
				256877A22C25D1460041E16A /* NetworkService.swift */,
			);
			path = Network;
			sourceTree = "<group>";
		};
		256877A62C25D1E90041E16A /* Network */ = {
			isa = PBXGroup;
			children = (
				256877A72C25D1FF0041E16A /* NetworkError.swift */,
			);
			path = Network;
			sourceTree = "<group>";
		};
		256877A92C26B0640041E16A /* SetName */ = {
			isa = PBXGroup;
			children = (
				256877AA2C26B0870041E16A /* AddNameScreen.swift */,
			);
			path = SetName;
			sourceTree = "<group>";
		};
/* End PBXGroup section */

/* Begin PBXNativeTarget section */
		2568776D2C258B190041E16A /* Geo Go */ = {
			isa = PBXNativeTarget;
			buildConfigurationList = 2568777C2C258B1B0041E16A /* Build configuration list for PBXNativeTarget "Geo Go" */;
			buildPhases = (
				2568776A2C258B190041E16A /* Sources */,
				2568776B2C258B190041E16A /* Frameworks */,
				2568776C2C258B190041E16A /* Resources */,
			);
			buildRules = (
			);
			dependencies = (
			);
			name = "Geo Go";
			productName = "Geo Go";
			productReference = 2568776E2C258B190041E16A /* Geo Go.app */;
			productType = "com.apple.product-type.application";
		};
/* End PBXNativeTarget section */

/* Begin PBXProject section */
		256877662C258B190041E16A /* Project object */ = {
			isa = PBXProject;
			attributes = {
				BuildIndependentTargetsInParallel = 1;
				LastSwiftUpdateCheck = 1530;
				LastUpgradeCheck = 1530;
				TargetAttributes = {
					2568776D2C258B190041E16A = {
						CreatedOnToolsVersion = 15.3;
					};
				};
			};
			buildConfigurationList = 256877692C258B190041E16A /* Build configuration list for PBXProject "Geo Go" */;
			compatibilityVersion = "Xcode 14.0";
			developmentRegion = en;
			hasScannedForEncodings = 0;
			knownRegions = (
				en,
				Base,
				uz,
				ru,
				kaa,
			);
			mainGroup = 256877652C258B190041E16A;
			productRefGroup = 2568776F2C258B190041E16A /* Products */;
			projectDirPath = "";
			projectRoot = "";
			targets = (
				2568776D2C258B190041E16A /* Geo Go */,
			);
		};
/* End PBXProject section */

/* Begin PBXResourcesBuildPhase section */
		2568776C2C258B190041E16A /* Resources */ = {
			isa = PBXResourcesBuildPhase;
			buildActionMask = 2147483647;
			files = (
				256877792C258B1B0041E16A /* Preview Assets.xcassets in Resources */,
				256877932C25C4E80041E16A /* Localizable.strings in Resources */,
				256877762C258B1B0041E16A /* Assets.xcassets in Resources */,
			);
			runOnlyForDeploymentPostprocessing = 0;
		};
/* End PBXResourcesBuildPhase section */

/* Begin PBXSourcesBuildPhase section */
		2568776A2C258B190041E16A /* Sources */ = {
			isa = PBXSourcesBuildPhase;
			buildActionMask = 2147483647;
			files = (
				256877A32C25D1470041E16A /* NetworkService.swift in Sources */,
				256877AB2C26B0870041E16A /* AddNameScreen.swift in Sources */,
				2568778F2C25C2A80041E16A /* Alert.swift in Sources */,
				256877862C25C17C0041E16A /* AccessScreen.swift in Sources */,
				256877742C258B190041E16A /* ContentView.swift in Sources */,
				2568779C2C25C93D0041E16A /* GGButton.swift in Sources */,
				2568778C2C25C25A0041E16A /* LocationManager.swift in Sources */,
				256877882C25C1D90041E16A /* AccessViewModel.swift in Sources */,
				256877992C25C63C0041E16A /* LoadingView.swift in Sources */,
				256877722C258B190041E16A /* Geo_GoApp.swift in Sources */,
				256877A82C25D1FF0041E16A /* NetworkError.swift in Sources */,
				2568779F2C25CA150041E16A /* Constants.swift in Sources */,
				256877A52C25D16F0041E16A /* GetServerLinks.swift in Sources */,
			);
			runOnlyForDeploymentPostprocessing = 0;
		};
/* End PBXSourcesBuildPhase section */

/* Begin PBXVariantGroup section */
		256877912C25C4E80041E16A /* Localizable.strings */ = {
			isa = PBXVariantGroup;
			children = (
				256877922C25C4E80041E16A /* en */,
				256877942C25C55D0041E16A /* kaa */,
				256877952C25C55F0041E16A /* ru */,
				256877962C25C5600041E16A /* uz */,
			);
			name = Localizable.strings;
			sourceTree = "<group>";
		};
/* End PBXVariantGroup section */

/* Begin XCBuildConfiguration section */
		2568777A2C258B1B0041E16A /* Debug */ = {
			isa = XCBuildConfiguration;
			buildSettings = {
				ALWAYS_SEARCH_USER_PATHS = NO;
				ASSETCATALOG_COMPILER_GENERATE_SWIFT_ASSET_SYMBOL_EXTENSIONS = YES;
				CLANG_ANALYZER_NONNULL = YES;
				CLANG_ANALYZER_NUMBER_OBJECT_CONVERSION = YES_AGGRESSIVE;
				CLANG_CXX_LANGUAGE_STANDARD = "gnu++20";
				CLANG_ENABLE_MODULES = YES;
				CLANG_ENABLE_OBJC_ARC = YES;
				CLANG_ENABLE_OBJC_WEAK = YES;
				CLANG_WARN_BLOCK_CAPTURE_AUTORELEASING = YES;
				CLANG_WARN_BOOL_CONVERSION = YES;
				CLANG_WARN_COMMA = YES;
				CLANG_WARN_CONSTANT_CONVERSION = YES;
				CLANG_WARN_DEPRECATED_OBJC_IMPLEMENTATIONS = YES;
				CLANG_WARN_DIRECT_OBJC_ISA_USAGE = YES_ERROR;
				CLANG_WARN_DOCUMENTATION_COMMENTS = YES;
				CLANG_WARN_EMPTY_BODY = YES;
				CLANG_WARN_ENUM_CONVERSION = YES;
				CLANG_WARN_INFINITE_RECURSION = YES;
				CLANG_WARN_INT_CONVERSION = YES;
				CLANG_WARN_NON_LITERAL_NULL_CONVERSION = YES;
				CLANG_WARN_OBJC_IMPLICIT_RETAIN_SELF = YES;
				CLANG_WARN_OBJC_LITERAL_CONVERSION = YES;
				CLANG_WARN_OBJC_ROOT_CLASS = YES_ERROR;
				CLANG_WARN_QUOTED_INCLUDE_IN_FRAMEWORK_HEADER = YES;
				CLANG_WARN_RANGE_LOOP_ANALYSIS = YES;
				CLANG_WARN_STRICT_PROTOTYPES = YES;
				CLANG_WARN_SUSPICIOUS_MOVE = YES;
				CLANG_WARN_UNGUARDED_AVAILABILITY = YES_AGGRESSIVE;
				CLANG_WARN_UNREACHABLE_CODE = YES;
				CLANG_WARN__DUPLICATE_METHOD_MATCH = YES;
				COPY_PHASE_STRIP = NO;
				DEBUG_INFORMATION_FORMAT = dwarf;
				ENABLE_STRICT_OBJC_MSGSEND = YES;
				ENABLE_TESTABILITY = YES;
				ENABLE_USER_SCRIPT_SANDBOXING = YES;
				GCC_C_LANGUAGE_STANDARD = gnu17;
				GCC_DYNAMIC_NO_PIC = NO;
				GCC_NO_COMMON_BLOCKS = YES;
				GCC_OPTIMIZATION_LEVEL = 0;
				GCC_PREPROCESSOR_DEFINITIONS = (
					"DEBUG=1",
					"$(inherited)",
				);
				GCC_WARN_64_TO_32_BIT_CONVERSION = YES;
				GCC_WARN_ABOUT_RETURN_TYPE = YES_ERROR;
				GCC_WARN_UNDECLARED_SELECTOR = YES;
				GCC_WARN_UNINITIALIZED_AUTOS = YES_AGGRESSIVE;
				GCC_WARN_UNUSED_FUNCTION = YES;
				GCC_WARN_UNUSED_VARIABLE = YES;
				IPHONEOS_DEPLOYMENT_TARGET = 17.4;
				LOCALIZATION_PREFERS_STRING_CATALOGS = YES;
				MTL_ENABLE_DEBUG_INFO = INCLUDE_SOURCE;
				MTL_FAST_MATH = YES;
				ONLY_ACTIVE_ARCH = YES;
				SDKROOT = iphoneos;
				SWIFT_ACTIVE_COMPILATION_CONDITIONS = "DEBUG $(inherited)";
				SWIFT_OPTIMIZATION_LEVEL = "-Onone";
			};
			name = Debug;
		};
		2568777B2C258B1B0041E16A /* Release */ = {
			isa = XCBuildConfiguration;
			buildSettings = {
				ALWAYS_SEARCH_USER_PATHS = NO;
				ASSETCATALOG_COMPILER_GENERATE_SWIFT_ASSET_SYMBOL_EXTENSIONS = YES;
				CLANG_ANALYZER_NONNULL = YES;
				CLANG_ANALYZER_NUMBER_OBJECT_CONVERSION = YES_AGGRESSIVE;
				CLANG_CXX_LANGUAGE_STANDARD = "gnu++20";
				CLANG_ENABLE_MODULES = YES;
				CLANG_ENABLE_OBJC_ARC = YES;
				CLANG_ENABLE_OBJC_WEAK = YES;
				CLANG_WARN_BLOCK_CAPTURE_AUTORELEASING = YES;
				CLANG_WARN_BOOL_CONVERSION = YES;
				CLANG_WARN_COMMA = YES;
				CLANG_WARN_CONSTANT_CONVERSION = YES;
				CLANG_WARN_DEPRECATED_OBJC_IMPLEMENTATIONS = YES;
				CLANG_WARN_DIRECT_OBJC_ISA_USAGE = YES_ERROR;
				CLANG_WARN_DOCUMENTATION_COMMENTS = YES;
				CLANG_WARN_EMPTY_BODY = YES;
				CLANG_WARN_ENUM_CONVERSION = YES;
				CLANG_WARN_INFINITE_RECURSION = YES;
				CLANG_WARN_INT_CONVERSION = YES;
				CLANG_WARN_NON_LITERAL_NULL_CONVERSION = YES;
				CLANG_WARN_OBJC_IMPLICIT_RETAIN_SELF = YES;
				CLANG_WARN_OBJC_LITERAL_CONVERSION = YES;
				CLANG_WARN_OBJC_ROOT_CLASS = YES_ERROR;
				CLANG_WARN_QUOTED_INCLUDE_IN_FRAMEWORK_HEADER = YES;
				CLANG_WARN_RANGE_LOOP_ANALYSIS = YES;
				CLANG_WARN_STRICT_PROTOTYPES = YES;
				CLANG_WARN_SUSPICIOUS_MOVE = YES;
				CLANG_WARN_UNGUARDED_AVAILABILITY = YES_AGGRESSIVE;
				CLANG_WARN_UNREACHABLE_CODE = YES;
				CLANG_WARN__DUPLICATE_METHOD_MATCH = YES;
				COPY_PHASE_STRIP = NO;
				DEBUG_INFORMATION_FORMAT = "dwarf-with-dsym";
				ENABLE_NS_ASSERTIONS = NO;
				ENABLE_STRICT_OBJC_MSGSEND = YES;
				ENABLE_USER_SCRIPT_SANDBOXING = YES;
				GCC_C_LANGUAGE_STANDARD = gnu17;
				GCC_NO_COMMON_BLOCKS = YES;
				GCC_WARN_64_TO_32_BIT_CONVERSION = YES;
				GCC_WARN_ABOUT_RETURN_TYPE = YES_ERROR;
				GCC_WARN_UNDECLARED_SELECTOR = YES;
				GCC_WARN_UNINITIALIZED_AUTOS = YES_AGGRESSIVE;
				GCC_WARN_UNUSED_FUNCTION = YES;
				GCC_WARN_UNUSED_VARIABLE = YES;
				IPHONEOS_DEPLOYMENT_TARGET = 17.4;
				LOCALIZATION_PREFERS_STRING_CATALOGS = YES;
				MTL_ENABLE_DEBUG_INFO = NO;
				MTL_FAST_MATH = YES;
				SDKROOT = iphoneos;
				SWIFT_COMPILATION_MODE = wholemodule;
				VALIDATE_PRODUCT = YES;
			};
			name = Release;
		};
		2568777D2C258B1B0041E16A /* Debug */ = {
			isa = XCBuildConfiguration;
			buildSettings = {
				ASSETCATALOG_COMPILER_APPICON_NAME = AppIcon;
				ASSETCATALOG_COMPILER_GLOBAL_ACCENT_COLOR_NAME = AccentColor;
				CODE_SIGN_STYLE = Automatic;
				CURRENT_PROJECT_VERSION = 1;
				DEVELOPMENT_ASSET_PATHS = "\"Geo Go/Preview Content\"";
				ENABLE_PREVIEWS = YES;
				GENERATE_INFOPLIST_FILE = YES;
				INFOPLIST_KEY_NSLocationAlwaysAndWhenInUseUsageDescription = "";
				INFOPLIST_KEY_NSLocationWhenInUseUsageDescription = "";
				INFOPLIST_KEY_UIApplicationSceneManifest_Generation = YES;
				INFOPLIST_KEY_UIApplicationSupportsIndirectInputEvents = YES;
				INFOPLIST_KEY_UILaunchScreen_Generation = YES;
				INFOPLIST_KEY_UISupportedInterfaceOrientations_iPad = "UIInterfaceOrientationPortrait UIInterfaceOrientationPortraitUpsideDown UIInterfaceOrientationLandscapeLeft UIInterfaceOrientationLandscapeRight";
				INFOPLIST_KEY_UISupportedInterfaceOrientations_iPhone = "UIInterfaceOrientationPortrait UIInterfaceOrientationLandscapeLeft UIInterfaceOrientationLandscapeRight";
				LD_RUNPATH_SEARCH_PATHS = (
					"$(inherited)",
					"@executable_path/Frameworks",
				);
				MARKETING_VERSION = 1.0;
				PRODUCT_BUNDLE_IDENTIFIER = "io.geogo.Geo-Go";
				PRODUCT_NAME = "$(TARGET_NAME)";
				SWIFT_EMIT_LOC_STRINGS = YES;
				SWIFT_VERSION = 5.0;
				TARGETED_DEVICE_FAMILY = "1,2";
			};
			name = Debug;
		};
		2568777E2C258B1B0041E16A /* Release */ = {
			isa = XCBuildConfiguration;
			buildSettings = {
				ASSETCATALOG_COMPILER_APPICON_NAME = AppIcon;
				ASSETCATALOG_COMPILER_GLOBAL_ACCENT_COLOR_NAME = AccentColor;
				CODE_SIGN_STYLE = Automatic;
				CURRENT_PROJECT_VERSION = 1;
				DEVELOPMENT_ASSET_PATHS = "\"Geo Go/Preview Content\"";
				ENABLE_PREVIEWS = YES;
				GENERATE_INFOPLIST_FILE = YES;
				INFOPLIST_KEY_NSLocationAlwaysAndWhenInUseUsageDescription = "";
				INFOPLIST_KEY_NSLocationWhenInUseUsageDescription = "";
				INFOPLIST_KEY_UIApplicationSceneManifest_Generation = YES;
				INFOPLIST_KEY_UIApplicationSupportsIndirectInputEvents = YES;
				INFOPLIST_KEY_UILaunchScreen_Generation = YES;
				INFOPLIST_KEY_UISupportedInterfaceOrientations_iPad = "UIInterfaceOrientationPortrait UIInterfaceOrientationPortraitUpsideDown UIInterfaceOrientationLandscapeLeft UIInterfaceOrientationLandscapeRight";
				INFOPLIST_KEY_UISupportedInterfaceOrientations_iPhone = "UIInterfaceOrientationPortrait UIInterfaceOrientationLandscapeLeft UIInterfaceOrientationLandscapeRight";
				LD_RUNPATH_SEARCH_PATHS = (
					"$(inherited)",
					"@executable_path/Frameworks",
				);
				MARKETING_VERSION = 1.0;
				PRODUCT_BUNDLE_IDENTIFIER = "io.geogo.Geo-Go";
				PRODUCT_NAME = "$(TARGET_NAME)";
				SWIFT_EMIT_LOC_STRINGS = YES;
				SWIFT_VERSION = 5.0;
				TARGETED_DEVICE_FAMILY = "1,2";
			};
			name = Release;
		};
/* End XCBuildConfiguration section */

/* Begin XCConfigurationList section */
		256877692C258B190041E16A /* Build configuration list for PBXProject "Geo Go" */ = {
			isa = XCConfigurationList;
			buildConfigurations = (
				2568777A2C258B1B0041E16A /* Debug */,
				2568777B2C258B1B0041E16A /* Release */,
			);
			defaultConfigurationIsVisible = 0;
			defaultConfigurationName = Release;
		};
		2568777C2C258B1B0041E16A /* Build configuration list for PBXNativeTarget "Geo Go" */ = {
			isa = XCConfigurationList;
			buildConfigurations = (
				2568777D2C258B1B0041E16A /* Debug */,
				2568777E2C258B1B0041E16A /* Release */,
			);
			defaultConfigurationIsVisible = 0;
			defaultConfigurationName = Release;
		};
/* End XCConfigurationList section */
	};
	rootObject = 256877662C258B190041E16A /* Project object */;
}
