// !$*UTF8*$!
{
	archiveVersion = 1;
	classes = {
	};
	objectVersion = 56;
	objects = {

/* Begin PBXBuildFile section */
		2508EACA2C73DEB3008CCC12 /* CheckBoxView.swift in Sources */ = {isa = PBXBuildFile; fileRef = 2508EAC92C73DEB3008CCC12 /* CheckBoxView.swift */; };
		252BACDC2CFBC616004EBC64 /* NearDrivers.swift in Sources */ = {isa = PBXBuildFile; fileRef = 252BACDB2CFBC611004EBC64 /* NearDrivers.swift */; };
		252C75B92CE931F800779995 /* loader_circles.json in Resources */ = {isa = PBXBuildFile; fileRef = 252C75B82CE931F700779995 /* loader_circles.json */; };
		252E5C212C3C075900C132AF /* Estimate.swift in Sources */ = {isa = PBXBuildFile; fileRef = 252E5C202C3C075900C132AF /* Estimate.swift */; };
		252E5C242C3C29CF00C132AF /* EstimateHelper.swift in Sources */ = {isa = PBXBuildFile; fileRef = 252E5C232C3C29CF00C132AF /* EstimateHelper.swift */; };
		252E5C272C3C7F8700C132AF /* CustomBottomSheet.swift in Sources */ = {isa = PBXBuildFile; fileRef = 252E5C262C3C7F8700C132AF /* CustomBottomSheet.swift */; };
		2565CF8D2C42690300FCC08A /* DialogWish.swift in Sources */ = {isa = PBXBuildFile; fileRef = 2565CF8C2C42690300FCC08A /* DialogWish.swift */; };
		2565CF8F2C42A36F00FCC08A /* Options.swift in Sources */ = {isa = PBXBuildFile; fileRef = 2565CF8E2C42A36F00FCC08A /* Options.swift */; };
		2565CF912C42B7B700FCC08A /* DialogComment.swift in Sources */ = {isa = PBXBuildFile; fileRef = 2565CF902C42B7B700FCC08A /* DialogComment.swift */; };
		2565CF932C42C25E00FCC08A /* DialogAnotherPerson.swift in Sources */ = {isa = PBXBuildFile; fileRef = 2565CF922C42C25D00FCC08A /* DialogAnotherPerson.swift */; };
		2565CF952C43D62600FCC08A /* DialogAddressLists.swift in Sources */ = {isa = PBXBuildFile; fileRef = 2565CF942C43D62600FCC08A /* DialogAddressLists.swift */; };
		2565CF972C44CC9F00FCC08A /* Utils.swift in Sources */ = {isa = PBXBuildFile; fileRef = 2565CF962C44CC9F00FCC08A /* Utils.swift */; };
		2565CF9A2C45055D00FCC08A /* Routing.swift in Sources */ = {isa = PBXBuildFile; fileRef = 2565CF992C45055D00FCC08A /* Routing.swift */; };
		2565CF9C2C453CED00FCC08A /* PolyLineUtils.swift in Sources */ = {isa = PBXBuildFile; fileRef = 2565CF9B2C453CED00FCC08A /* PolyLineUtils.swift */; };
		2565CF9E2C4547FF00FCC08A /* Algorithms.swift in Sources */ = {isa = PBXBuildFile; fileRef = 2565CF9D2C4547FF00FCC08A /* Algorithms.swift */; };
		2565CFA02C4678CD00FCC08A /* MapBoxExt.swift in Sources */ = {isa = PBXBuildFile; fileRef = 2565CF9F2C4678CD00FCC08A /* MapBoxExt.swift */; };
		2565CFA22C467FFC00FCC08A /* ViewAnnotation.swift in Sources */ = {isa = PBXBuildFile; fileRef = 2565CFA12C467FFC00FCC08A /* ViewAnnotation.swift */; };
		2565CFA52C4E31CF00FCC08A /* DialogSelectBonus.swift in Sources */ = {isa = PBXBuildFile; fileRef = 2565CFA42C4E31CF00FCC08A /* DialogSelectBonus.swift */; };
		2565CFA72C54FC3400FCC08A /* Bonus.swift in Sources */ = {isa = PBXBuildFile; fileRef = 2565CFA62C54FC3400FCC08A /* Bonus.swift */; };
		2565CFA92C5B5CE900FCC08A /* CreateOrder.swift in Sources */ = {isa = PBXBuildFile; fileRef = 2565CFA82C5B5CE900FCC08A /* CreateOrder.swift */; };
		2565CFAE2C5BA85F00FCC08A /* SearchDriver.swift in Sources */ = {isa = PBXBuildFile; fileRef = 2565CFAD2C5BA85F00FCC08A /* SearchDriver.swift */; };
		2565CFB02C5D145000FCC08A /* loading.json in Resources */ = {isa = PBXBuildFile; fileRef = 2565CFAF2C5D145000FCC08A /* loading.json */; };
		2565CFB22C5DDFC400FCC08A /* OrderInfo.swift in Sources */ = {isa = PBXBuildFile; fileRef = 2565CFB12C5DDFC300FCC08A /* OrderInfo.swift */; };
		2565CFB52C5E74DC00FCC08A /* DriverFoundView.swift in Sources */ = {isa = PBXBuildFile; fileRef = 2565CFB42C5E74DC00FCC08A /* DriverFoundView.swift */; };
		256877722C258B190041E16A /* Geo_GoApp.swift in Sources */ = {isa = PBXBuildFile; fileRef = 256877712C258B190041E16A /* Geo_GoApp.swift */; };
		256877762C258B1B0041E16A /* Assets.xcassets in Resources */ = {isa = PBXBuildFile; fileRef = 256877752C258B1B0041E16A /* Assets.xcassets */; };
		256877792C258B1B0041E16A /* Preview Assets.xcassets in Resources */ = {isa = PBXBuildFile; fileRef = 256877782C258B1B0041E16A /* Preview Assets.xcassets */; };
		256877862C25C17C0041E16A /* AccessScreen.swift in Sources */ = {isa = PBXBuildFile; fileRef = 256877852C25C17C0041E16A /* AccessScreen.swift */; };
		256877882C25C1D90041E16A /* AccessViewModel.swift in Sources */ = {isa = PBXBuildFile; fileRef = 256877872C25C1D90041E16A /* AccessViewModel.swift */; };
		2568778C2C25C25A0041E16A /* LocationManager.swift in Sources */ = {isa = PBXBuildFile; fileRef = 2568778B2C25C25A0041E16A /* LocationManager.swift */; };
		2568778F2C25C2A80041E16A /* Alert.swift in Sources */ = {isa = PBXBuildFile; fileRef = 2568778E2C25C2A80041E16A /* Alert.swift */; };
		256877932C25C4E80041E16A /* Localizable.strings in Resources */ = {isa = PBXBuildFile; fileRef = 256877912C25C4E80041E16A /* Localizable.strings */; };
		256877992C25C63C0041E16A /* LoadingView.swift in Sources */ = {isa = PBXBuildFile; fileRef = 256877982C25C63C0041E16A /* LoadingView.swift */; };
		2568779C2C25C93D0041E16A /* GGButton.swift in Sources */ = {isa = PBXBuildFile; fileRef = 2568779B2C25C93D0041E16A /* GGButton.swift */; };
		2568779F2C25CA150041E16A /* Constants.swift in Sources */ = {isa = PBXBuildFile; fileRef = 2568779E2C25CA150041E16A /* Constants.swift */; };
		256877A32C25D1470041E16A /* NetworkService.swift in Sources */ = {isa = PBXBuildFile; fileRef = 256877A22C25D1460041E16A /* NetworkService.swift */; };
		256877A52C25D16F0041E16A /* GetServerLinks.swift in Sources */ = {isa = PBXBuildFile; fileRef = 256877A42C25D16F0041E16A /* GetServerLinks.swift */; };
		256877A82C25D1FF0041E16A /* NetworkError.swift in Sources */ = {isa = PBXBuildFile; fileRef = 256877A72C25D1FF0041E16A /* NetworkError.swift */; };
		256877AB2C26B0870041E16A /* AddNameScreen.swift in Sources */ = {isa = PBXBuildFile; fileRef = 256877AA2C26B0870041E16A /* AddNameScreen.swift */; };
		256877AE2C26DD560041E16A /* EnterPhoneScreen.swift in Sources */ = {isa = PBXBuildFile; fileRef = 256877AD2C26DD560041E16A /* EnterPhoneScreen.swift */; };
		256877B42C2D5F5D0041E16A /* iPhoneNumberField in Frameworks */ = {isa = PBXBuildFile; productRef = 256877B32C2D5F5D0041E16A /* iPhoneNumberField */; };
		256C13892C99A6D3007FAAC9 /* AddCardScreen.swift in Sources */ = {isa = PBXBuildFile; fileRef = 256C13882C99A6D3007FAAC9 /* AddCardScreen.swift */; };
		256C138B2C99B670007FAAC9 /* OTPField.swift in Sources */ = {isa = PBXBuildFile; fileRef = 256C138A2C99B66F007FAAC9 /* OTPField.swift */; };
		256C138F2CA007A8007FAAC9 /* ViewModelAddCard.swift in Sources */ = {isa = PBXBuildFile; fileRef = 256C138E2CA007A8007FAAC9 /* ViewModelAddCard.swift */; };
		256C13912CA0087B007FAAC9 /* AddConfirmCardModels.swift in Sources */ = {isa = PBXBuildFile; fileRef = 256C13902CA0087B007FAAC9 /* AddConfirmCardModels.swift */; };
		256EAEB82C2D8B4F00FA7A5C /* HomeScreen.swift in Sources */ = {isa = PBXBuildFile; fileRef = 256EAEB72C2D8B4F00FA7A5C /* HomeScreen.swift */; };
		256EAEBB2C2D9A8100FA7A5C /* MapboxMaps in Frameworks */ = {isa = PBXBuildFile; productRef = 256EAEBA2C2D9A8100FA7A5C /* MapboxMaps */; };
		256EAEC82C2F193700FA7A5C /* EnterCodeScreen.swift in Sources */ = {isa = PBXBuildFile; fileRef = 256EAEC72C2F193700FA7A5C /* EnterCodeScreen.swift */; };
		256EAECB2C2F1CE400FA7A5C /* OTPView in Frameworks */ = {isa = PBXBuildFile; productRef = 256EAECA2C2F1CE400FA7A5C /* OTPView */; };
		256EAECD2C2F21DE00FA7A5C /* RegistrationRequest.swift in Sources */ = {isa = PBXBuildFile; fileRef = 256EAECC2C2F21DE00FA7A5C /* RegistrationRequest.swift */; };
		256EAECF2C2F22F100FA7A5C /* EnterPhoneViewModel.swift in Sources */ = {isa = PBXBuildFile; fileRef = 256EAECE2C2F22F100FA7A5C /* EnterPhoneViewModel.swift */; };
		256EAED12C2FC8D300FA7A5C /* EnterCodeViewModel.swift in Sources */ = {isa = PBXBuildFile; fileRef = 256EAED02C2FC8D300FA7A5C /* EnterCodeViewModel.swift */; };
		256EAED32C309CB500FA7A5C /* MainViewModel.swift in Sources */ = {isa = PBXBuildFile; fileRef = 256EAED22C309CB500FA7A5C /* MainViewModel.swift */; };
		256EAED52C309D8900FA7A5C /* MapStyle.swift in Sources */ = {isa = PBXBuildFile; fileRef = 256EAED42C309D8900FA7A5C /* MapStyle.swift */; };
		256EAED82C309DE900FA7A5C /* MapConfig.swift in Sources */ = {isa = PBXBuildFile; fileRef = 256EAED72C309DE900FA7A5C /* MapConfig.swift */; };
		256EAEDA2C309F9900FA7A5C /* HomeScreenDrawer.swift in Sources */ = {isa = PBXBuildFile; fileRef = 256EAED92C309F9900FA7A5C /* HomeScreenDrawer.swift */; };
		256EAEDC2C30A2C500FA7A5C /* DrawerBtn.swift in Sources */ = {isa = PBXBuildFile; fileRef = 256EAEDB2C30A2C500FA7A5C /* DrawerBtn.swift */; };
		256F36EF2CFCE78C00CE3E8A /* Shimmer in Frameworks */ = {isa = PBXBuildFile; productRef = 256F36EE2CFCE78C00CE3E8A /* Shimmer */; };
		256F370E2CFFA67000CE3E8A /* MapColors.swift in Sources */ = {isa = PBXBuildFile; fileRef = 256F370D2CFFA66900CE3E8A /* MapColors.swift */; };
		257F40102D1174AF00BB2373 /* LineProcessor.swift in Sources */ = {isa = PBXBuildFile; fileRef = 257F400F2D1174AA00BB2373 /* LineProcessor.swift */; };
		257F40122D11755900BB2373 /* LinkedList.swift in Sources */ = {isa = PBXBuildFile; fileRef = 257F40112D11755200BB2373 /* LinkedList.swift */; };
		257F40142D11E64600BB2373 /* MapHelper.swift in Sources */ = {isa = PBXBuildFile; fileRef = 257F40132D11E63700BB2373 /* MapHelper.swift */; };
		25966BCE2CE4076C0036D4DF /* DefaultContentView.swift in Sources */ = {isa = PBXBuildFile; fileRef = 25966BCD2CE4076C0036D4DF /* DefaultContentView.swift */; };
		25966BD02CE408730036D4DF /* StatusDependentView.swift in Sources */ = {isa = PBXBuildFile; fileRef = 25966BCF2CE408730036D4DF /* StatusDependentView.swift */; };
		25966BD22CE531E70036D4DF /* ShimmerViewModifier.swift in Sources */ = {isa = PBXBuildFile; fileRef = 25966BD12CE531E70036D4DF /* ShimmerViewModifier.swift */; };
		25966BD42CE543A40036D4DF /* search_car.json in Resources */ = {isa = PBXBuildFile; fileRef = 25966BD32CE543A40036D4DF /* search_car.json */; };
		25966BD82CE650170036D4DF /* LanguageViewModel.swift in Sources */ = {isa = PBXBuildFile; fileRef = 25966BD72CE650170036D4DF /* LanguageViewModel.swift */; };
		25966BDA2CE6507E0036D4DF /* DialogLanguage.swift in Sources */ = {isa = PBXBuildFile; fileRef = 25966BD92CE6507E0036D4DF /* DialogLanguage.swift */; };
		25966BDC2CE6D2250036D4DF /* BottomSheetViewCustom.swift in Sources */ = {isa = PBXBuildFile; fileRef = 25966BDB2CE6D2250036D4DF /* BottomSheetViewCustom.swift */; };
		259DEA0B2CC2F74700B1AB41 /* ProfileScreen.swift in Sources */ = {isa = PBXBuildFile; fileRef = 259DEA0A2CC2F74700B1AB41 /* ProfileScreen.swift */; };
		25A51DCA2C6CDF6D00C2FBB0 /* MyTripsScreen.swift in Sources */ = {isa = PBXBuildFile; fileRef = 25A51DC92C6CDF6D00C2FBB0 /* MyTripsScreen.swift */; };
		25A51DCC2C6CDF8400C2FBB0 /* MyTripsViewModel.swift in Sources */ = {isa = PBXBuildFile; fileRef = 25A51DCB2C6CDF8400C2FBB0 /* MyTripsViewModel.swift */; };
		25A51DCF2C6CE52200C2FBB0 /* PaymentScreen.swift in Sources */ = {isa = PBXBuildFile; fileRef = 25A51DCE2C6CE52200C2FBB0 /* PaymentScreen.swift */; };
		25A51DD22C6CE54900C2FBB0 /* FavScreen.swift in Sources */ = {isa = PBXBuildFile; fileRef = 25A51DD12C6CE54900C2FBB0 /* FavScreen.swift */; };
		25A51DD82C6CE57700C2FBB0 /* DiscountScreen.swift in Sources */ = {isa = PBXBuildFile; fileRef = 25A51DD72C6CE57700C2FBB0 /* DiscountScreen.swift */; };
		25A51DDE2C6CE5EB00C2FBB0 /* NewsScreen.swift in Sources */ = {isa = PBXBuildFile; fileRef = 25A51DDD2C6CE5EB00C2FBB0 /* NewsScreen.swift */; };
		25A51DE42C6CE62600C2FBB0 /* AboutAppScreen.swift in Sources */ = {isa = PBXBuildFile; fileRef = 25A51DE32C6CE62600C2FBB0 /* AboutAppScreen.swift */; };
		25A51DE62C6E2CC100C2FBB0 /* DateOrderHistory.swift in Sources */ = {isa = PBXBuildFile; fileRef = 25A51DE52C6E2CC100C2FBB0 /* DateOrderHistory.swift */; };
		25B20C1D2C5F67A100F50017 /* DialogBottomCancelOrder.swift in Sources */ = {isa = PBXBuildFile; fileRef = 25B20C1C2C5F67A100F50017 /* DialogBottomCancelOrder.swift */; };
		25B20C1F2C5F6AC900F50017 /* CancelOrder.swift in Sources */ = {isa = PBXBuildFile; fileRef = 25B20C1E2C5F6AC900F50017 /* CancelOrder.swift */; };
		25B20C212C5F6B3600F50017 /* FeedbackViewModel.swift in Sources */ = {isa = PBXBuildFile; fileRef = 25B20C202C5F6B3600F50017 /* FeedbackViewModel.swift */; };
		25B20C232C63164F00F50017 /* TestView.swift in Sources */ = {isa = PBXBuildFile; fileRef = 25B20C222C63164F00F50017 /* TestView.swift */; };
		25B20C262C6328C400F50017 /* GGImage.swift in Sources */ = {isa = PBXBuildFile; fileRef = 25B20C252C6328C400F50017 /* GGImage.swift */; };
		25B20C292C63464900F50017 /* FinishOrder.swift in Sources */ = {isa = PBXBuildFile; fileRef = 25B20C282C63464800F50017 /* FinishOrder.swift */; };
		25B20C2C2C6347B000F50017 /* GGText.swift in Sources */ = {isa = PBXBuildFile; fileRef = 25B20C2B2C6347B000F50017 /* GGText.swift */; };
		25B20C2E2C634B0300F50017 /* Line.swift in Sources */ = {isa = PBXBuildFile; fileRef = 25B20C2D2C634B0300F50017 /* Line.swift */; };
		25B20C302C6355DF00F50017 /* RateView.swift in Sources */ = {isa = PBXBuildFile; fileRef = 25B20C2F2C6355DF00F50017 /* RateView.swift */; };
		25B20C322C63978F00F50017 /* DialogToolBar.swift in Sources */ = {isa = PBXBuildFile; fileRef = 25B20C312C63978F00F50017 /* DialogToolBar.swift */; };
		25B56A852CEA6B59001B58EC /* CustomKeyboardView.swift in Sources */ = {isa = PBXBuildFile; fileRef = 25B56A842CEA6B59001B58EC /* CustomKeyboardView.swift */; };
		25B7E08D2D00FF8F00ED47DA /* RideDetailsView.swift in Sources */ = {isa = PBXBuildFile; fileRef = 25B7E08C2D00FF8900ED47DA /* RideDetailsView.swift */; };
		25BC2C562C76093B00484F69 /* WebView.swift in Sources */ = {isa = PBXBuildFile; fileRef = 25BC2C552C76093B00484F69 /* WebView.swift */; };
		25BC2C582C76099600484F69 /* TermsOfUseAndPPScreen.swift in Sources */ = {isa = PBXBuildFile; fileRef = 25BC2C572C76099600484F69 /* TermsOfUseAndPPScreen.swift */; };
		25BC2C5A2C761E8A00484F69 /* NewsModel.swift in Sources */ = {isa = PBXBuildFile; fileRef = 25BC2C592C761E8A00484F69 /* NewsModel.swift */; };
		25BC2C5C2C761ECD00484F69 /* NewsViewModel.swift in Sources */ = {isa = PBXBuildFile; fileRef = 25BC2C5B2C761ECD00484F69 /* NewsViewModel.swift */; };
		25BFDB5B2C33E61700D73993 /* RoundedCorners.swift in Sources */ = {isa = PBXBuildFile; fileRef = 25BFDB5A2C33E61700D73993 /* RoundedCorners.swift */; };
		25BFDB5D2C33EAA000D73993 /* MarkerView.swift in Sources */ = {isa = PBXBuildFile; fileRef = 25BFDB5C2C33EAA000D73993 /* MarkerView.swift */; };
		25BFDB602C33EB9700D73993 /* Lottie in Frameworks */ = {isa = PBXBuildFile; productRef = 25BFDB5F2C33EB9700D73993 /* Lottie */; };
		25BFDB622C33ED0C00D73993 /* marker_location.json in Resources */ = {isa = PBXBuildFile; fileRef = 25BFDB612C33ED0C00D73993 /* marker_location.json */; };
		25BFDB642C3404BC00D73993 /* MarkerMoveListener.swift in Sources */ = {isa = PBXBuildFile; fileRef = 25BFDB632C3404BC00D73993 /* MarkerMoveListener.swift */; };
		25BFDB662C343A8700D73993 /* ReverseModel.swift in Sources */ = {isa = PBXBuildFile; fileRef = 25BFDB652C343A8700D73993 /* ReverseModel.swift */; };
		25BFDB682C345DF700D73993 /* WhatsNewView.swift in Sources */ = {isa = PBXBuildFile; fileRef = 25BFDB672C345DF700D73993 /* WhatsNewView.swift */; };
		25BFDB6B2C346FD400D73993 /* SearchTextView.swift in Sources */ = {isa = PBXBuildFile; fileRef = 25BFDB6A2C346FD400D73993 /* SearchTextView.swift */; };
		25BFDB6E2C347E7500D73993 /* Hmac.swift in Sources */ = {isa = PBXBuildFile; fileRef = 25BFDB6D2C347E7500D73993 /* Hmac.swift */; };
		25BFDB712C34823B00D73993 /* GenerateResponse.swift in Sources */ = {isa = PBXBuildFile; fileRef = 25BFDB702C34823B00D73993 /* GenerateResponse.swift */; };
		25BFDB732C34891800D73993 /* AddressHistory.swift in Sources */ = {isa = PBXBuildFile; fileRef = 25BFDB722C34891800D73993 /* AddressHistory.swift */; };
		25BFDB752C354E7F00D73993 /* SearchScreenDialog.swift in Sources */ = {isa = PBXBuildFile; fileRef = 25BFDB742C354E7F00D73993 /* SearchScreenDialog.swift */; };
		25BFDB782C357B8500D73993 /* ElasticSearch.swift in Sources */ = {isa = PBXBuildFile; fileRef = 25BFDB772C357B8500D73993 /* ElasticSearch.swift */; };
		25BFDB7A2C357BC800D73993 /* ElasticSearchViewModel.swift in Sources */ = {isa = PBXBuildFile; fileRef = 25BFDB792C357BC800D73993 /* ElasticSearchViewModel.swift */; };
		25BFDB7D2C35CFA400D73993 /* OrderGoView.swift in Sources */ = {isa = PBXBuildFile; fileRef = 25BFDB7C2C35CFA400D73993 /* OrderGoView.swift */; };
		25BFDB7F2C35DD4700D73993 /* CarSelectionView.swift in Sources */ = {isa = PBXBuildFile; fileRef = 25BFDB7E2C35DD4700D73993 /* CarSelectionView.swift */; };
		25BFDB812C35DE8B00D73993 /* swipe_right.json in Resources */ = {isa = PBXBuildFile; fileRef = 25BFDB802C35DE8B00D73993 /* swipe_right.json */; };
		25BFDB832C35E62500D73993 /* ServiceTariffs.swift in Sources */ = {isa = PBXBuildFile; fileRef = 25BFDB822C35E62500D73993 /* ServiceTariffs.swift */; };
		25BFDB872C36BFF900D73993 /* DataHolder.swift in Sources */ = {isa = PBXBuildFile; fileRef = 25BFDB862C36BFF900D73993 /* DataHolder.swift */; };
		25DA46862C649A7400C2A1AB /* TariffDetailsView.swift in Sources */ = {isa = PBXBuildFile; fileRef = 25DA46852C649A7400C2A1AB /* TariffDetailsView.swift */; };
		25F91C762C7CCDAD001CAAB7 /* BonusHomeItem.swift in Sources */ = {isa = PBXBuildFile; fileRef = 25F91C752C7CCDAD001CAAB7 /* BonusHomeItem.swift */; };
		25F91C792C7CD5FC001CAAB7 /* DialogBonus.swift in Sources */ = {isa = PBXBuildFile; fileRef = 25F91C782C7CD5FC001CAAB7 /* DialogBonus.swift */; };
		25F91C7B2C7CDB55001CAAB7 /* Extensions.swift in Sources */ = {isa = PBXBuildFile; fileRef = 25F91C7A2C7CDB55001CAAB7 /* Extensions.swift */; };
		25F91C7F2C807B34001CAAB7 /* Discount.swift in Sources */ = {isa = PBXBuildFile; fileRef = 25F91C7E2C807B34001CAAB7 /* Discount.swift */; };
		25F91C812C807EA3001CAAB7 /* empty_list.json in Resources */ = {isa = PBXBuildFile; fileRef = 25F91C802C807EA3001CAAB7 /* empty_list.json */; };
		25F91C832C8086E1001CAAB7 /* DiscountVm.swift in Sources */ = {isa = PBXBuildFile; fileRef = 25F91C822C8086E1001CAAB7 /* DiscountVm.swift */; };
		25F9E97A2CFAAC0A00475A57 /* SocketIO in Frameworks */ = {isa = PBXBuildFile; productRef = 25F9E9792CFAAC0A00475A57 /* SocketIO */; };
		25F9E97F2CFAAEBA00475A57 /* SocketViewModel.swift in Sources */ = {isa = PBXBuildFile; fileRef = 25F9E97E2CFAAEB600475A57 /* SocketViewModel.swift */; };
/* End PBXBuildFile section */

/* Begin PBXFileReference section */
		2508EAC92C73DEB3008CCC12 /* CheckBoxView.swift */ = {isa = PBXFileReference; lastKnownFileType = sourcecode.swift; path = CheckBoxView.swift; sourceTree = "<group>"; };
		252BACDB2CFBC611004EBC64 /* NearDrivers.swift */ = {isa = PBXFileReference; lastKnownFileType = sourcecode.swift; path = NearDrivers.swift; sourceTree = "<group>"; };
		252C75B82CE931F700779995 /* loader_circles.json */ = {isa = PBXFileReference; lastKnownFileType = text.json; path = loader_circles.json; sourceTree = "<group>"; };
		252E5C202C3C075900C132AF /* Estimate.swift */ = {isa = PBXFileReference; lastKnownFileType = sourcecode.swift; path = Estimate.swift; sourceTree = "<group>"; };
		252E5C232C3C29CF00C132AF /* EstimateHelper.swift */ = {isa = PBXFileReference; lastKnownFileType = sourcecode.swift; path = EstimateHelper.swift; sourceTree = "<group>"; };
		252E5C262C3C7F8700C132AF /* CustomBottomSheet.swift */ = {isa = PBXFileReference; lastKnownFileType = sourcecode.swift; path = CustomBottomSheet.swift; sourceTree = "<group>"; };
		2565CF8C2C42690300FCC08A /* DialogWish.swift */ = {isa = PBXFileReference; lastKnownFileType = sourcecode.swift; path = DialogWish.swift; sourceTree = "<group>"; };
		2565CF8E2C42A36F00FCC08A /* Options.swift */ = {isa = PBXFileReference; lastKnownFileType = sourcecode.swift; path = Options.swift; sourceTree = "<group>"; };
		2565CF902C42B7B700FCC08A /* DialogComment.swift */ = {isa = PBXFileReference; lastKnownFileType = sourcecode.swift; path = DialogComment.swift; sourceTree = "<group>"; };
		2565CF922C42C25D00FCC08A /* DialogAnotherPerson.swift */ = {isa = PBXFileReference; lastKnownFileType = sourcecode.swift; path = DialogAnotherPerson.swift; sourceTree = "<group>"; };
		2565CF942C43D62600FCC08A /* DialogAddressLists.swift */ = {isa = PBXFileReference; lastKnownFileType = sourcecode.swift; path = DialogAddressLists.swift; sourceTree = "<group>"; };
		2565CF962C44CC9F00FCC08A /* Utils.swift */ = {isa = PBXFileReference; lastKnownFileType = sourcecode.swift; path = Utils.swift; sourceTree = "<group>"; };
		2565CF992C45055D00FCC08A /* Routing.swift */ = {isa = PBXFileReference; lastKnownFileType = sourcecode.swift; path = Routing.swift; sourceTree = "<group>"; };
		2565CF9B2C453CED00FCC08A /* PolyLineUtils.swift */ = {isa = PBXFileReference; lastKnownFileType = sourcecode.swift; path = PolyLineUtils.swift; sourceTree = "<group>"; };
		2565CF9D2C4547FF00FCC08A /* Algorithms.swift */ = {isa = PBXFileReference; lastKnownFileType = sourcecode.swift; path = Algorithms.swift; sourceTree = "<group>"; };
		2565CF9F2C4678CD00FCC08A /* MapBoxExt.swift */ = {isa = PBXFileReference; lastKnownFileType = sourcecode.swift; path = MapBoxExt.swift; sourceTree = "<group>"; };
		2565CFA12C467FFC00FCC08A /* ViewAnnotation.swift */ = {isa = PBXFileReference; lastKnownFileType = sourcecode.swift; path = ViewAnnotation.swift; sourceTree = "<group>"; };
		2565CFA42C4E31CF00FCC08A /* DialogSelectBonus.swift */ = {isa = PBXFileReference; lastKnownFileType = sourcecode.swift; path = DialogSelectBonus.swift; sourceTree = "<group>"; };
		2565CFA62C54FC3400FCC08A /* Bonus.swift */ = {isa = PBXFileReference; lastKnownFileType = sourcecode.swift; path = Bonus.swift; sourceTree = "<group>"; };
		2565CFA82C5B5CE900FCC08A /* CreateOrder.swift */ = {isa = PBXFileReference; lastKnownFileType = sourcecode.swift; path = CreateOrder.swift; sourceTree = "<group>"; };
		2565CFAD2C5BA85F00FCC08A /* SearchDriver.swift */ = {isa = PBXFileReference; lastKnownFileType = sourcecode.swift; path = SearchDriver.swift; sourceTree = "<group>"; };
		2565CFAF2C5D145000FCC08A /* loading.json */ = {isa = PBXFileReference; fileEncoding = 4; lastKnownFileType = text.json; path = loading.json; sourceTree = "<group>"; };
		2565CFB12C5DDFC300FCC08A /* OrderInfo.swift */ = {isa = PBXFileReference; lastKnownFileType = sourcecode.swift; path = OrderInfo.swift; sourceTree = "<group>"; };
		2565CFB42C5E74DC00FCC08A /* DriverFoundView.swift */ = {isa = PBXFileReference; lastKnownFileType = sourcecode.swift; path = DriverFoundView.swift; sourceTree = "<group>"; };
		2568776E2C258B190041E16A /* Geo Go.app */ = {isa = PBXFileReference; explicitFileType = wrapper.application; includeInIndex = 0; path = "Geo Go.app"; sourceTree = BUILT_PRODUCTS_DIR; };
		256877712C258B190041E16A /* Geo_GoApp.swift */ = {isa = PBXFileReference; lastKnownFileType = sourcecode.swift; path = Geo_GoApp.swift; sourceTree = "<group>"; };
		256877752C258B1B0041E16A /* Assets.xcassets */ = {isa = PBXFileReference; lastKnownFileType = folder.assetcatalog; path = Assets.xcassets; sourceTree = "<group>"; };
		256877782C258B1B0041E16A /* Preview Assets.xcassets */ = {isa = PBXFileReference; lastKnownFileType = folder.assetcatalog; path = "Preview Assets.xcassets"; sourceTree = "<group>"; };
		256877852C25C17C0041E16A /* AccessScreen.swift */ = {isa = PBXFileReference; lastKnownFileType = sourcecode.swift; path = AccessScreen.swift; sourceTree = "<group>"; };
		256877872C25C1D90041E16A /* AccessViewModel.swift */ = {isa = PBXFileReference; lastKnownFileType = sourcecode.swift; path = AccessViewModel.swift; sourceTree = "<group>"; };
		2568778B2C25C25A0041E16A /* LocationManager.swift */ = {isa = PBXFileReference; lastKnownFileType = sourcecode.swift; path = LocationManager.swift; sourceTree = "<group>"; };
		2568778E2C25C2A80041E16A /* Alert.swift */ = {isa = PBXFileReference; lastKnownFileType = sourcecode.swift; path = Alert.swift; sourceTree = "<group>"; };
		256877922C25C4E80041E16A /* en */ = {isa = PBXFileReference; lastKnownFileType = text.plist.strings; name = en; path = en.lproj/Localizable.strings; sourceTree = "<group>"; };
		256877942C25C55D0041E16A /* kaa */ = {isa = PBXFileReference; lastKnownFileType = text.plist.strings; name = kaa; path = kaa.lproj/Localizable.strings; sourceTree = "<group>"; };
		256877952C25C55F0041E16A /* ru */ = {isa = PBXFileReference; lastKnownFileType = text.plist.strings; name = ru; path = ru.lproj/Localizable.strings; sourceTree = "<group>"; };
		256877962C25C5600041E16A /* uz */ = {isa = PBXFileReference; lastKnownFileType = text.plist.strings; name = uz; path = uz.lproj/Localizable.strings; sourceTree = "<group>"; };
		256877982C25C63C0041E16A /* LoadingView.swift */ = {isa = PBXFileReference; lastKnownFileType = sourcecode.swift; path = LoadingView.swift; sourceTree = "<group>"; };
		2568779B2C25C93D0041E16A /* GGButton.swift */ = {isa = PBXFileReference; lastKnownFileType = sourcecode.swift; path = GGButton.swift; sourceTree = "<group>"; };
		2568779E2C25CA150041E16A /* Constants.swift */ = {isa = PBXFileReference; lastKnownFileType = sourcecode.swift; path = Constants.swift; sourceTree = "<group>"; };
		256877A22C25D1460041E16A /* NetworkService.swift */ = {isa = PBXFileReference; lastKnownFileType = sourcecode.swift; path = NetworkService.swift; sourceTree = "<group>"; };
		256877A42C25D16F0041E16A /* GetServerLinks.swift */ = {isa = PBXFileReference; lastKnownFileType = sourcecode.swift; path = GetServerLinks.swift; sourceTree = "<group>"; };
		256877A72C25D1FF0041E16A /* NetworkError.swift */ = {isa = PBXFileReference; lastKnownFileType = sourcecode.swift; path = NetworkError.swift; sourceTree = "<group>"; };
		256877AA2C26B0870041E16A /* AddNameScreen.swift */ = {isa = PBXFileReference; lastKnownFileType = sourcecode.swift; path = AddNameScreen.swift; sourceTree = "<group>"; };
		256877AD2C26DD560041E16A /* EnterPhoneScreen.swift */ = {isa = PBXFileReference; lastKnownFileType = sourcecode.swift; path = EnterPhoneScreen.swift; sourceTree = "<group>"; };
		256877B52C2D6DC60041E16A /* Geo-Go-Info.plist */ = {isa = PBXFileReference; lastKnownFileType = text.plist; path = "Geo-Go-Info.plist"; sourceTree = SOURCE_ROOT; };
		256C13882C99A6D3007FAAC9 /* AddCardScreen.swift */ = {isa = PBXFileReference; lastKnownFileType = sourcecode.swift; path = AddCardScreen.swift; sourceTree = "<group>"; };
		256C138A2C99B66F007FAAC9 /* OTPField.swift */ = {isa = PBXFileReference; lastKnownFileType = sourcecode.swift; path = OTPField.swift; sourceTree = "<group>"; };
		256C138E2CA007A8007FAAC9 /* ViewModelAddCard.swift */ = {isa = PBXFileReference; lastKnownFileType = sourcecode.swift; path = ViewModelAddCard.swift; sourceTree = "<group>"; };
		256C13902CA0087B007FAAC9 /* AddConfirmCardModels.swift */ = {isa = PBXFileReference; lastKnownFileType = sourcecode.swift; path = AddConfirmCardModels.swift; sourceTree = "<group>"; };
		256EAEB72C2D8B4F00FA7A5C /* HomeScreen.swift */ = {isa = PBXFileReference; lastKnownFileType = sourcecode.swift; path = HomeScreen.swift; sourceTree = "<group>"; };
		256EAEC72C2F193700FA7A5C /* EnterCodeScreen.swift */ = {isa = PBXFileReference; lastKnownFileType = sourcecode.swift; path = EnterCodeScreen.swift; sourceTree = "<group>"; };
		256EAECC2C2F21DE00FA7A5C /* RegistrationRequest.swift */ = {isa = PBXFileReference; lastKnownFileType = sourcecode.swift; path = RegistrationRequest.swift; sourceTree = "<group>"; };
		256EAECE2C2F22F100FA7A5C /* EnterPhoneViewModel.swift */ = {isa = PBXFileReference; lastKnownFileType = sourcecode.swift; path = EnterPhoneViewModel.swift; sourceTree = "<group>"; };
		256EAED02C2FC8D300FA7A5C /* EnterCodeViewModel.swift */ = {isa = PBXFileReference; lastKnownFileType = sourcecode.swift; path = EnterCodeViewModel.swift; sourceTree = "<group>"; };
		256EAED22C309CB500FA7A5C /* MainViewModel.swift */ = {isa = PBXFileReference; lastKnownFileType = sourcecode.swift; path = MainViewModel.swift; sourceTree = "<group>"; };
		256EAED42C309D8900FA7A5C /* MapStyle.swift */ = {isa = PBXFileReference; lastKnownFileType = sourcecode.swift; path = MapStyle.swift; sourceTree = "<group>"; };
		256EAED72C309DE900FA7A5C /* MapConfig.swift */ = {isa = PBXFileReference; lastKnownFileType = sourcecode.swift; path = MapConfig.swift; sourceTree = "<group>"; };
		256EAED92C309F9900FA7A5C /* HomeScreenDrawer.swift */ = {isa = PBXFileReference; lastKnownFileType = sourcecode.swift; path = HomeScreenDrawer.swift; sourceTree = "<group>"; };
		256EAEDB2C30A2C500FA7A5C /* DrawerBtn.swift */ = {isa = PBXFileReference; lastKnownFileType = sourcecode.swift; path = DrawerBtn.swift; sourceTree = "<group>"; };
		256F370D2CFFA66900CE3E8A /* MapColors.swift */ = {isa = PBXFileReference; lastKnownFileType = sourcecode.swift; path = MapColors.swift; sourceTree = "<group>"; };
		257F400E2D11026700BB2373 /* Geo Go.entitlements */ = {isa = PBXFileReference; lastKnownFileType = text.plist.entitlements; path = "Geo Go.entitlements"; sourceTree = "<group>"; };
		257F400F2D1174AA00BB2373 /* LineProcessor.swift */ = {isa = PBXFileReference; lastKnownFileType = sourcecode.swift; path = LineProcessor.swift; sourceTree = "<group>"; };
		257F40112D11755200BB2373 /* LinkedList.swift */ = {isa = PBXFileReference; lastKnownFileType = sourcecode.swift; path = LinkedList.swift; sourceTree = "<group>"; };
		257F40132D11E63700BB2373 /* MapHelper.swift */ = {isa = PBXFileReference; lastKnownFileType = sourcecode.swift; path = MapHelper.swift; sourceTree = "<group>"; };
		25966BCD2CE4076C0036D4DF /* DefaultContentView.swift */ = {isa = PBXFileReference; lastKnownFileType = sourcecode.swift; path = DefaultContentView.swift; sourceTree = "<group>"; };
		25966BCF2CE408730036D4DF /* StatusDependentView.swift */ = {isa = PBXFileReference; lastKnownFileType = sourcecode.swift; path = StatusDependentView.swift; sourceTree = "<group>"; };
		25966BD12CE531E70036D4DF /* ShimmerViewModifier.swift */ = {isa = PBXFileReference; lastKnownFileType = sourcecode.swift; path = ShimmerViewModifier.swift; sourceTree = "<group>"; };
		25966BD32CE543A40036D4DF /* search_car.json */ = {isa = PBXFileReference; lastKnownFileType = text.json; path = search_car.json; sourceTree = "<group>"; };
		25966BD72CE650170036D4DF /* LanguageViewModel.swift */ = {isa = PBXFileReference; lastKnownFileType = sourcecode.swift; path = LanguageViewModel.swift; sourceTree = "<group>"; };
		25966BD92CE6507E0036D4DF /* DialogLanguage.swift */ = {isa = PBXFileReference; lastKnownFileType = sourcecode.swift; path = DialogLanguage.swift; sourceTree = "<group>"; };
		25966BDB2CE6D2250036D4DF /* BottomSheetViewCustom.swift */ = {isa = PBXFileReference; lastKnownFileType = sourcecode.swift; path = BottomSheetViewCustom.swift; sourceTree = "<group>"; };
		259DEA0A2CC2F74700B1AB41 /* ProfileScreen.swift */ = {isa = PBXFileReference; lastKnownFileType = sourcecode.swift; path = ProfileScreen.swift; sourceTree = "<group>"; };
		25A51DC92C6CDF6D00C2FBB0 /* MyTripsScreen.swift */ = {isa = PBXFileReference; lastKnownFileType = sourcecode.swift; path = MyTripsScreen.swift; sourceTree = "<group>"; };
		25A51DCB2C6CDF8400C2FBB0 /* MyTripsViewModel.swift */ = {isa = PBXFileReference; lastKnownFileType = sourcecode.swift; path = MyTripsViewModel.swift; sourceTree = "<group>"; };
		25A51DCE2C6CE52200C2FBB0 /* PaymentScreen.swift */ = {isa = PBXFileReference; lastKnownFileType = sourcecode.swift; path = PaymentScreen.swift; sourceTree = "<group>"; };
		25A51DD12C6CE54900C2FBB0 /* FavScreen.swift */ = {isa = PBXFileReference; lastKnownFileType = sourcecode.swift; path = FavScreen.swift; sourceTree = "<group>"; };
		25A51DD72C6CE57700C2FBB0 /* DiscountScreen.swift */ = {isa = PBXFileReference; lastKnownFileType = sourcecode.swift; path = DiscountScreen.swift; sourceTree = "<group>"; };
		25A51DDD2C6CE5EB00C2FBB0 /* NewsScreen.swift */ = {isa = PBXFileReference; lastKnownFileType = sourcecode.swift; path = NewsScreen.swift; sourceTree = "<group>"; };
		25A51DE32C6CE62600C2FBB0 /* AboutAppScreen.swift */ = {isa = PBXFileReference; lastKnownFileType = sourcecode.swift; path = AboutAppScreen.swift; sourceTree = "<group>"; };
		25A51DE52C6E2CC100C2FBB0 /* DateOrderHistory.swift */ = {isa = PBXFileReference; lastKnownFileType = sourcecode.swift; path = DateOrderHistory.swift; sourceTree = "<group>"; };
		25B20C1C2C5F67A100F50017 /* DialogBottomCancelOrder.swift */ = {isa = PBXFileReference; lastKnownFileType = sourcecode.swift; path = DialogBottomCancelOrder.swift; sourceTree = "<group>"; };
		25B20C1E2C5F6AC900F50017 /* CancelOrder.swift */ = {isa = PBXFileReference; lastKnownFileType = sourcecode.swift; path = CancelOrder.swift; sourceTree = "<group>"; };
		25B20C202C5F6B3600F50017 /* FeedbackViewModel.swift */ = {isa = PBXFileReference; lastKnownFileType = sourcecode.swift; path = FeedbackViewModel.swift; sourceTree = "<group>"; };
		25B20C222C63164F00F50017 /* TestView.swift */ = {isa = PBXFileReference; lastKnownFileType = sourcecode.swift; path = TestView.swift; sourceTree = "<group>"; };
		25B20C252C6328C400F50017 /* GGImage.swift */ = {isa = PBXFileReference; lastKnownFileType = sourcecode.swift; path = GGImage.swift; sourceTree = "<group>"; };
		25B20C282C63464800F50017 /* FinishOrder.swift */ = {isa = PBXFileReference; lastKnownFileType = sourcecode.swift; path = FinishOrder.swift; sourceTree = "<group>"; };
		25B20C2B2C6347B000F50017 /* GGText.swift */ = {isa = PBXFileReference; lastKnownFileType = sourcecode.swift; path = GGText.swift; sourceTree = "<group>"; };
		25B20C2D2C634B0300F50017 /* Line.swift */ = {isa = PBXFileReference; lastKnownFileType = sourcecode.swift; path = Line.swift; sourceTree = "<group>"; };
		25B20C2F2C6355DF00F50017 /* RateView.swift */ = {isa = PBXFileReference; lastKnownFileType = sourcecode.swift; path = RateView.swift; sourceTree = "<group>"; };
		25B20C312C63978F00F50017 /* DialogToolBar.swift */ = {isa = PBXFileReference; lastKnownFileType = sourcecode.swift; path = DialogToolBar.swift; sourceTree = "<group>"; };
		25B56A842CEA6B59001B58EC /* CustomKeyboardView.swift */ = {isa = PBXFileReference; lastKnownFileType = sourcecode.swift; path = CustomKeyboardView.swift; sourceTree = "<group>"; };
		25B7E08C2D00FF8900ED47DA /* RideDetailsView.swift */ = {isa = PBXFileReference; lastKnownFileType = sourcecode.swift; path = RideDetailsView.swift; sourceTree = "<group>"; };
		25BC2C552C76093B00484F69 /* WebView.swift */ = {isa = PBXFileReference; lastKnownFileType = sourcecode.swift; path = WebView.swift; sourceTree = "<group>"; };
		25BC2C572C76099600484F69 /* TermsOfUseAndPPScreen.swift */ = {isa = PBXFileReference; lastKnownFileType = sourcecode.swift; path = TermsOfUseAndPPScreen.swift; sourceTree = "<group>"; };
		25BC2C592C761E8A00484F69 /* NewsModel.swift */ = {isa = PBXFileReference; lastKnownFileType = sourcecode.swift; path = NewsModel.swift; sourceTree = "<group>"; };
		25BC2C5B2C761ECD00484F69 /* NewsViewModel.swift */ = {isa = PBXFileReference; lastKnownFileType = sourcecode.swift; path = NewsViewModel.swift; sourceTree = "<group>"; };
		25BFDB5A2C33E61700D73993 /* RoundedCorners.swift */ = {isa = PBXFileReference; lastKnownFileType = sourcecode.swift; path = RoundedCorners.swift; sourceTree = "<group>"; };
		25BFDB5C2C33EAA000D73993 /* MarkerView.swift */ = {isa = PBXFileReference; lastKnownFileType = sourcecode.swift; path = MarkerView.swift; sourceTree = "<group>"; };
		25BFDB612C33ED0C00D73993 /* marker_location.json */ = {isa = PBXFileReference; fileEncoding = 4; lastKnownFileType = text.json; path = marker_location.json; sourceTree = "<group>"; };
		25BFDB632C3404BC00D73993 /* MarkerMoveListener.swift */ = {isa = PBXFileReference; lastKnownFileType = sourcecode.swift; path = MarkerMoveListener.swift; sourceTree = "<group>"; };
		25BFDB652C343A8700D73993 /* ReverseModel.swift */ = {isa = PBXFileReference; lastKnownFileType = sourcecode.swift; path = ReverseModel.swift; sourceTree = "<group>"; };
		25BFDB672C345DF700D73993 /* WhatsNewView.swift */ = {isa = PBXFileReference; lastKnownFileType = sourcecode.swift; path = WhatsNewView.swift; sourceTree = "<group>"; };
		25BFDB6A2C346FD400D73993 /* SearchTextView.swift */ = {isa = PBXFileReference; lastKnownFileType = sourcecode.swift; path = SearchTextView.swift; sourceTree = "<group>"; };
		25BFDB6C2C347B6100D73993 /* GeoGo-Bridging-Header.h */ = {isa = PBXFileReference; lastKnownFileType = sourcecode.c.h; path = "GeoGo-Bridging-Header.h"; sourceTree = "<group>"; };
		25BFDB6D2C347E7500D73993 /* Hmac.swift */ = {isa = PBXFileReference; lastKnownFileType = sourcecode.swift; path = Hmac.swift; sourceTree = "<group>"; };
		25BFDB702C34823B00D73993 /* GenerateResponse.swift */ = {isa = PBXFileReference; lastKnownFileType = sourcecode.swift; path = GenerateResponse.swift; sourceTree = "<group>"; };
		25BFDB722C34891800D73993 /* AddressHistory.swift */ = {isa = PBXFileReference; lastKnownFileType = sourcecode.swift; path = AddressHistory.swift; sourceTree = "<group>"; };
		25BFDB742C354E7F00D73993 /* SearchScreenDialog.swift */ = {isa = PBXFileReference; lastKnownFileType = sourcecode.swift; path = SearchScreenDialog.swift; sourceTree = "<group>"; };
		25BFDB772C357B8500D73993 /* ElasticSearch.swift */ = {isa = PBXFileReference; lastKnownFileType = sourcecode.swift; path = ElasticSearch.swift; sourceTree = "<group>"; };
		25BFDB792C357BC800D73993 /* ElasticSearchViewModel.swift */ = {isa = PBXFileReference; lastKnownFileType = sourcecode.swift; path = ElasticSearchViewModel.swift; sourceTree = "<group>"; };
		25BFDB7C2C35CFA400D73993 /* OrderGoView.swift */ = {isa = PBXFileReference; lastKnownFileType = sourcecode.swift; path = OrderGoView.swift; sourceTree = "<group>"; };
		25BFDB7E2C35DD4700D73993 /* CarSelectionView.swift */ = {isa = PBXFileReference; lastKnownFileType = sourcecode.swift; path = CarSelectionView.swift; sourceTree = "<group>"; };
		25BFDB802C35DE8B00D73993 /* swipe_right.json */ = {isa = PBXFileReference; fileEncoding = 4; lastKnownFileType = text.json; path = swipe_right.json; sourceTree = "<group>"; };
		25BFDB822C35E62500D73993 /* ServiceTariffs.swift */ = {isa = PBXFileReference; lastKnownFileType = sourcecode.swift; path = ServiceTariffs.swift; sourceTree = "<group>"; };
		25BFDB862C36BFF900D73993 /* DataHolder.swift */ = {isa = PBXFileReference; lastKnownFileType = sourcecode.swift; path = DataHolder.swift; sourceTree = "<group>"; };
		25DA46852C649A7400C2A1AB /* TariffDetailsView.swift */ = {isa = PBXFileReference; lastKnownFileType = sourcecode.swift; path = TariffDetailsView.swift; sourceTree = "<group>"; };
		25F91C752C7CCDAD001CAAB7 /* BonusHomeItem.swift */ = {isa = PBXFileReference; lastKnownFileType = sourcecode.swift; path = BonusHomeItem.swift; sourceTree = "<group>"; };
		25F91C782C7CD5FC001CAAB7 /* DialogBonus.swift */ = {isa = PBXFileReference; lastKnownFileType = sourcecode.swift; path = DialogBonus.swift; sourceTree = "<group>"; };
		25F91C7A2C7CDB55001CAAB7 /* Extensions.swift */ = {isa = PBXFileReference; lastKnownFileType = sourcecode.swift; path = Extensions.swift; sourceTree = "<group>"; };
		25F91C7E2C807B34001CAAB7 /* Discount.swift */ = {isa = PBXFileReference; lastKnownFileType = sourcecode.swift; path = Discount.swift; sourceTree = "<group>"; };
		25F91C802C807EA3001CAAB7 /* empty_list.json */ = {isa = PBXFileReference; fileEncoding = 4; lastKnownFileType = text.json; path = empty_list.json; sourceTree = "<group>"; };
		25F91C822C8086E1001CAAB7 /* DiscountVm.swift */ = {isa = PBXFileReference; lastKnownFileType = sourcecode.swift; path = DiscountVm.swift; sourceTree = "<group>"; };
		25F9E97E2CFAAEB600475A57 /* SocketViewModel.swift */ = {isa = PBXFileReference; lastKnownFileType = sourcecode.swift; path = SocketViewModel.swift; sourceTree = "<group>"; };
/* End PBXFileReference section */

/* Begin PBXFrameworksBuildPhase section */
		2568776B2C258B190041E16A /* Frameworks */ = {
			isa = PBXFrameworksBuildPhase;
			buildActionMask = 2147483647;
			files = (
				256F36EF2CFCE78C00CE3E8A /* Shimmer in Frameworks */,
				256EAECB2C2F1CE400FA7A5C /* OTPView in Frameworks */,
				256EAEBB2C2D9A8100FA7A5C /* MapboxMaps in Frameworks */,
				256877B42C2D5F5D0041E16A /* iPhoneNumberField in Frameworks */,
				25F9E97A2CFAAC0A00475A57 /* SocketIO in Frameworks */,
				25BFDB602C33EB9700D73993 /* Lottie in Frameworks */,
			);
			runOnlyForDeploymentPostprocessing = 0;
		};
/* End PBXFrameworksBuildPhase section */

/* Begin PBXGroup section */
		2508EAC82C73DE9E008CCC12 /* CheckBoxView */ = {
			isa = PBXGroup;
			children = (
				2508EAC92C73DEB3008CCC12 /* CheckBoxView.swift */,
			);
			path = CheckBoxView;
			sourceTree = "<group>";
		};
		252E5C222C3C29BA00C132AF /* EstimationHelper */ = {
			isa = PBXGroup;
			children = (
				252E5C232C3C29CF00C132AF /* EstimateHelper.swift */,
			);
			path = EstimationHelper;
			sourceTree = "<group>";
		};
		252E5C252C3C7F6B00C132AF /* BottomSheet */ = {
			isa = PBXGroup;
			children = (
				252E5C262C3C7F8700C132AF /* CustomBottomSheet.swift */,
			);
			path = BottomSheet;
			sourceTree = "<group>";
		};
		2565CFA32C4E31A000FCC08A /* ChooseBonus */ = {
			isa = PBXGroup;
			children = (
				2565CFA42C4E31CF00FCC08A /* DialogSelectBonus.swift */,
			);
			path = ChooseBonus;
			sourceTree = "<group>";
		};
		2565CFAC2C5BA84D00FCC08A /* CreateOrder */ = {
			isa = PBXGroup;
			children = (
				2565CFAD2C5BA85F00FCC08A /* SearchDriver.swift */,
			);
			path = CreateOrder;
			sourceTree = "<group>";
		};
		2565CFB32C5E74C600FCC08A /* DriverFound */ = {
			isa = PBXGroup;
			children = (
				25B7E08C2D00FF8900ED47DA /* RideDetailsView.swift */,
				2565CFB42C5E74DC00FCC08A /* DriverFoundView.swift */,
				25B20C202C5F6B3600F50017 /* FeedbackViewModel.swift */,
				25B20C1C2C5F67A100F50017 /* DialogBottomCancelOrder.swift */,
			);
			path = DriverFound;
			sourceTree = "<group>";
		};
		256877652C258B190041E16A = {
			isa = PBXGroup;
			children = (
				25BFDB6C2C347B6100D73993 /* GeoGo-Bridging-Header.h */,
				256877702C258B190041E16A /* Geo Go */,
				2568776F2C258B190041E16A /* Products */,
			);
			sourceTree = "<group>";
		};
		2568776F2C258B190041E16A /* Products */ = {
			isa = PBXGroup;
			children = (
				2568776E2C258B190041E16A /* Geo Go.app */,
			);
			name = Products;
			sourceTree = "<group>";
		};
		256877702C258B190041E16A /* Geo Go */ = {
			isa = PBXGroup;
			children = (
				257F400E2D11026700BB2373 /* Geo Go.entitlements */,
				25F9E97B2CFAAD1100475A57 /* Socket */,
				256877812C25C1300041E16A /* Utilities */,
				256877B52C2D6DC60041E16A /* Geo-Go-Info.plist */,
				256877A02C25D1230041E16A /* Model */,
				256877902C25C3500041E16A /* Resources */,
				2568778A2C25C2350041E16A /* LocationManager */,
				256877802C25BEBC0041E16A /* Screens */,
				2568777F2C25BEA40041E16A /* Views */,
				256877712C258B190041E16A /* Geo_GoApp.swift */,
				256877752C258B1B0041E16A /* Assets.xcassets */,
				256877772C258B1B0041E16A /* Preview Content */,
			);
			path = "Geo Go";
			sourceTree = "<group>";
		};
		256877772C258B1B0041E16A /* Preview Content */ = {
			isa = PBXGroup;
			children = (
				256877782C258B1B0041E16A /* Preview Assets.xcassets */,
			);
			path = "Preview Content";
			sourceTree = "<group>";
		};
		2568777F2C25BEA40041E16A /* Views */ = {
			isa = PBXGroup;
			children = (
				2508EAC82C73DE9E008CCC12 /* CheckBoxView */,
				25B20C2A2C63479E00F50017 /* Text */,
				25B20C242C6328B400F50017 /* Images */,
				252E5C252C3C7F6B00C132AF /* BottomSheet */,
				2568779A2C25C91D0041E16A /* Buttons */,
				256877972C25C6240041E16A /* UIKit Components */,
				256EAED42C309D8900FA7A5C /* MapStyle.swift */,
				25B20C222C63164F00F50017 /* TestView.swift */,
				25B20C2D2C634B0300F50017 /* Line.swift */,
				25B20C2F2C6355DF00F50017 /* RateView.swift */,
				25B20C312C63978F00F50017 /* DialogToolBar.swift */,
				256C138A2C99B66F007FAAC9 /* OTPField.swift */,
				25966BD12CE531E70036D4DF /* ShimmerViewModifier.swift */,
				25966BDB2CE6D2250036D4DF /* BottomSheetViewCustom.swift */,
				25B56A842CEA6B59001B58EC /* CustomKeyboardView.swift */,
			);
			path = Views;
			sourceTree = "<group>";
		};
		256877802C25BEBC0041E16A /* Screens */ = {
			isa = PBXGroup;
			children = (
				256877832C25C14D0041E16A /* Main */,
				256877822C25C1440041E16A /* Auth */,
			);
			path = Screens;
			sourceTree = "<group>";
		};
		256877812C25C1300041E16A /* Utilities */ = {
			isa = PBXGroup;
			children = (
				257F40112D11755200BB2373 /* LinkedList.swift */,
				257F400F2D1174AA00BB2373 /* LineProcessor.swift */,
				256F370D2CFFA66900CE3E8A /* MapColors.swift */,
				252E5C222C3C29BA00C132AF /* EstimationHelper */,
				25BFDB6F2C34821300D73993 /* Hmac */,
				25BFDB592C33E60700D73993 /* RoundedCorner */,
				256EAED62C309DD800FA7A5C /* MapBox */,
				256877A62C25D1E90041E16A /* Network */,
				2568779D2C25C9FE0041E16A /* Constants */,
				2568778D2C25C28F0041E16A /* Extensions */,
				2565CF8E2C42A36F00FCC08A /* Options.swift */,
				2565CF962C44CC9F00FCC08A /* Utils.swift */,
				2565CF9B2C453CED00FCC08A /* PolyLineUtils.swift */,
				2565CF9D2C4547FF00FCC08A /* Algorithms.swift */,
			);
			path = Utilities;
			sourceTree = "<group>";
		};
		256877822C25C1440041E16A /* Auth */ = {
			isa = PBXGroup;
			children = (
				256EAEC62C2F192200FA7A5C /* EnterCode */,
				256877AC2C26DD2E0041E16A /* EnterPhone */,
				256877A92C26B0640041E16A /* SetName */,
				256877842C25C1560041E16A /* Access */,
			);
			path = Auth;
			sourceTree = "<group>";
		};
		256877832C25C14D0041E16A /* Main */ = {
			isa = PBXGroup;
			children = (
				259DEA092CC2F72F00B1AB41 /* Profile */,
				25A51DE22C6CE61800C2FBB0 /* AboutApp */,
				25A51DDC2C6CE5E000C2FBB0 /* News */,
				25A51DD62C6CE56B00C2FBB0 /* Discount */,
				25A51DD02C6CE53600C2FBB0 /* favourites */,
				25A51DCD2C6CE51100C2FBB0 /* Payment */,
				25A51DC82C6CDF5800C2FBB0 /* MyTrips */,
				256EAEB62C2D8B3700FA7A5C /* Home */,
			);
			path = Main;
			sourceTree = "<group>";
		};
		256877842C25C1560041E16A /* Access */ = {
			isa = PBXGroup;
			children = (
				256877852C25C17C0041E16A /* AccessScreen.swift */,
				256877872C25C1D90041E16A /* AccessViewModel.swift */,
			);
			path = Access;
			sourceTree = "<group>";
		};
		2568778A2C25C2350041E16A /* LocationManager */ = {
			isa = PBXGroup;
			children = (
				2568778B2C25C25A0041E16A /* LocationManager.swift */,
			);
			path = LocationManager;
			sourceTree = "<group>";
		};
		2568778D2C25C28F0041E16A /* Extensions */ = {
			isa = PBXGroup;
			children = (
				2568778E2C25C2A80041E16A /* Alert.swift */,
				2565CF9F2C4678CD00FCC08A /* MapBoxExt.swift */,
				25F91C7A2C7CDB55001CAAB7 /* Extensions.swift */,
			);
			path = Extensions;
			sourceTree = "<group>";
		};
		256877902C25C3500041E16A /* Resources */ = {
			isa = PBXGroup;
			children = (
				25966BD32CE543A40036D4DF /* search_car.json */,
				252C75B82CE931F700779995 /* loader_circles.json */,
				25F91C802C807EA3001CAAB7 /* empty_list.json */,
				2565CFAF2C5D145000FCC08A /* loading.json */,
				25BFDB802C35DE8B00D73993 /* swipe_right.json */,
				25BFDB612C33ED0C00D73993 /* marker_location.json */,
				256877912C25C4E80041E16A /* Localizable.strings */,
			);
			path = Resources;
			sourceTree = "<group>";
		};
		256877972C25C6240041E16A /* UIKit Components */ = {
			isa = PBXGroup;
			children = (
				256877982C25C63C0041E16A /* LoadingView.swift */,
				2565CFA12C467FFC00FCC08A /* ViewAnnotation.swift */,
				25BC2C552C76093B00484F69 /* WebView.swift */,
			);
			path = "UIKit Components";
			sourceTree = "<group>";
		};
		2568779A2C25C91D0041E16A /* Buttons */ = {
			isa = PBXGroup;
			children = (
				2568779B2C25C93D0041E16A /* GGButton.swift */,
				256EAEDB2C30A2C500FA7A5C /* DrawerBtn.swift */,
			);
			path = Buttons;
			sourceTree = "<group>";
		};
		2568779D2C25C9FE0041E16A /* Constants */ = {
			isa = PBXGroup;
			children = (
				2568779E2C25CA150041E16A /* Constants.swift */,
				25BFDB862C36BFF900D73993 /* DataHolder.swift */,
			);
			path = Constants;
			sourceTree = "<group>";
		};
		256877A02C25D1230041E16A /* Model */ = {
			isa = PBXGroup;
			children = (
				252BACDB2CFBC611004EBC64 /* NearDrivers.swift */,
				256877A12C25D1300041E16A /* Network */,
				256877A42C25D16F0041E16A /* GetServerLinks.swift */,
				256EAECC2C2F21DE00FA7A5C /* RegistrationRequest.swift */,
				25BFDB652C343A8700D73993 /* ReverseModel.swift */,
				25BFDB722C34891800D73993 /* AddressHistory.swift */,
				25BFDB772C357B8500D73993 /* ElasticSearch.swift */,
				25BFDB822C35E62500D73993 /* ServiceTariffs.swift */,
				252E5C202C3C075900C132AF /* Estimate.swift */,
				2565CF992C45055D00FCC08A /* Routing.swift */,
				2565CFA62C54FC3400FCC08A /* Bonus.swift */,
				2565CFA82C5B5CE900FCC08A /* CreateOrder.swift */,
				2565CFB12C5DDFC300FCC08A /* OrderInfo.swift */,
				25B20C1E2C5F6AC900F50017 /* CancelOrder.swift */,
				25A51DE52C6E2CC100C2FBB0 /* DateOrderHistory.swift */,
				25BC2C592C761E8A00484F69 /* NewsModel.swift */,
				25F91C7E2C807B34001CAAB7 /* Discount.swift */,
				256C13902CA0087B007FAAC9 /* AddConfirmCardModels.swift */,
			);
			path = Model;
			sourceTree = "<group>";
		};
		256877A12C25D1300041E16A /* Network */ = {
			isa = PBXGroup;
			children = (
				256877A22C25D1460041E16A /* NetworkService.swift */,
			);
			path = Network;
			sourceTree = "<group>";
		};
		256877A62C25D1E90041E16A /* Network */ = {
			isa = PBXGroup;
			children = (
				256877A72C25D1FF0041E16A /* NetworkError.swift */,
			);
			path = Network;
			sourceTree = "<group>";
		};
		256877A92C26B0640041E16A /* SetName */ = {
			isa = PBXGroup;
			children = (
				256877AA2C26B0870041E16A /* AddNameScreen.swift */,
			);
			path = SetName;
			sourceTree = "<group>";
		};
		256877AC2C26DD2E0041E16A /* EnterPhone */ = {
			isa = PBXGroup;
			children = (
				256877AD2C26DD560041E16A /* EnterPhoneScreen.swift */,
				256EAECE2C2F22F100FA7A5C /* EnterPhoneViewModel.swift */,
			);
			path = EnterPhone;
			sourceTree = "<group>";
		};
		256EAEB62C2D8B3700FA7A5C /* Home */ = {
			isa = PBXGroup;
			children = (
				256EAEBE2C2EADD100FA7A5C /* HomeItems */,
				256EAEB72C2D8B4F00FA7A5C /* HomeScreen.swift */,
				256EAED22C309CB500FA7A5C /* MainViewModel.swift */,
				256EAED92C309F9900FA7A5C /* HomeScreenDrawer.swift */,
			);
			path = Home;
			sourceTree = "<group>";
		};
		256EAEBE2C2EADD100FA7A5C /* HomeItems */ = {
			isa = PBXGroup;
			children = (
				257F40132D11E63700BB2373 /* MapHelper.swift */,
				25F91C772C7CD5E8001CAAB7 /* Bonus */,
				25DA46842C649A2100C2A1AB /* TariffDialog */,
				25B20C272C63462C00F50017 /* FinishOrder */,
				2565CFB32C5E74C600FCC08A /* DriverFound */,
				2565CFAC2C5BA84D00FCC08A /* CreateOrder */,
				2565CFA32C4E31A000FCC08A /* ChooseBonus */,
				25BFDB7B2C35CF9400D73993 /* OrderGo */,
				25BFDB762C35598400D73993 /* SearchDialog */,
				25BFDB692C346FB600D73993 /* WhatsNew */,
				25BFDB5C2C33EAA000D73993 /* MarkerView.swift */,
				25BFDB632C3404BC00D73993 /* MarkerMoveListener.swift */,
				25966BCD2CE4076C0036D4DF /* DefaultContentView.swift */,
				25966BCF2CE408730036D4DF /* StatusDependentView.swift */,
			);
			path = HomeItems;
			sourceTree = "<group>";
		};
		256EAEC62C2F192200FA7A5C /* EnterCode */ = {
			isa = PBXGroup;
			children = (
				256EAEC72C2F193700FA7A5C /* EnterCodeScreen.swift */,
				256EAED02C2FC8D300FA7A5C /* EnterCodeViewModel.swift */,
			);
			path = EnterCode;
			sourceTree = "<group>";
		};
		256EAED62C309DD800FA7A5C /* MapBox */ = {
			isa = PBXGroup;
			children = (
				256EAED72C309DE900FA7A5C /* MapConfig.swift */,
			);
			path = MapBox;
			sourceTree = "<group>";
		};
		259DEA092CC2F72F00B1AB41 /* Profile */ = {
			isa = PBXGroup;
			children = (
				25966BD72CE650170036D4DF /* LanguageViewModel.swift */,
				259DEA0A2CC2F74700B1AB41 /* ProfileScreen.swift */,
				25966BD92CE6507E0036D4DF /* DialogLanguage.swift */,
			);
			path = Profile;
			sourceTree = "<group>";
		};
		25A51DC82C6CDF5800C2FBB0 /* MyTrips */ = {
			isa = PBXGroup;
			children = (
				25A51DC92C6CDF6D00C2FBB0 /* MyTripsScreen.swift */,
				25A51DCB2C6CDF8400C2FBB0 /* MyTripsViewModel.swift */,
			);
			path = MyTrips;
			sourceTree = "<group>";
		};
		25A51DCD2C6CE51100C2FBB0 /* Payment */ = {
			isa = PBXGroup;
			children = (
				25A51DCE2C6CE52200C2FBB0 /* PaymentScreen.swift */,
				256C13882C99A6D3007FAAC9 /* AddCardScreen.swift */,
				256C138E2CA007A8007FAAC9 /* ViewModelAddCard.swift */,
			);
			path = Payment;
			sourceTree = "<group>";
		};
		25A51DD02C6CE53600C2FBB0 /* favourites */ = {
			isa = PBXGroup;
			children = (
				25A51DD12C6CE54900C2FBB0 /* FavScreen.swift */,
			);
			path = favourites;
			sourceTree = "<group>";
		};
		25A51DD62C6CE56B00C2FBB0 /* Discount */ = {
			isa = PBXGroup;
			children = (
				25A51DD72C6CE57700C2FBB0 /* DiscountScreen.swift */,
				25F91C822C8086E1001CAAB7 /* DiscountVm.swift */,
			);
			path = Discount;
			sourceTree = "<group>";
		};
		25A51DDC2C6CE5E000C2FBB0 /* News */ = {
			isa = PBXGroup;
			children = (
				25A51DDD2C6CE5EB00C2FBB0 /* NewsScreen.swift */,
				25BC2C5B2C761ECD00484F69 /* NewsViewModel.swift */,
			);
			path = News;
			sourceTree = "<group>";
		};
		25A51DE22C6CE61800C2FBB0 /* AboutApp */ = {
			isa = PBXGroup;
			children = (
				25A51DE32C6CE62600C2FBB0 /* AboutAppScreen.swift */,
				25BC2C572C76099600484F69 /* TermsOfUseAndPPScreen.swift */,
			);
			path = AboutApp;
			sourceTree = "<group>";
		};
		25B20C242C6328B400F50017 /* Images */ = {
			isa = PBXGroup;
			children = (
				25B20C252C6328C400F50017 /* GGImage.swift */,
			);
			path = Images;
			sourceTree = "<group>";
		};
		25B20C272C63462C00F50017 /* FinishOrder */ = {
			isa = PBXGroup;
			children = (
				25B20C282C63464800F50017 /* FinishOrder.swift */,
			);
			path = FinishOrder;
			sourceTree = "<group>";
		};
		25B20C2A2C63479E00F50017 /* Text */ = {
			isa = PBXGroup;
			children = (
				25B20C2B2C6347B000F50017 /* GGText.swift */,
			);
			path = Text;
			sourceTree = "<group>";
		};
		25BFDB592C33E60700D73993 /* RoundedCorner */ = {
			isa = PBXGroup;
			children = (
				25BFDB5A2C33E61700D73993 /* RoundedCorners.swift */,
			);
			path = RoundedCorner;
			sourceTree = "<group>";
		};
		25BFDB692C346FB600D73993 /* WhatsNew */ = {
			isa = PBXGroup;
			children = (
				25BFDB672C345DF700D73993 /* WhatsNewView.swift */,
				25BFDB6A2C346FD400D73993 /* SearchTextView.swift */,
			);
			path = WhatsNew;
			sourceTree = "<group>";
		};
		25BFDB6F2C34821300D73993 /* Hmac */ = {
			isa = PBXGroup;
			children = (
				25BFDB6D2C347E7500D73993 /* Hmac.swift */,
				25BFDB702C34823B00D73993 /* GenerateResponse.swift */,
			);
			path = Hmac;
			sourceTree = "<group>";
		};
		25BFDB762C35598400D73993 /* SearchDialog */ = {
			isa = PBXGroup;
			children = (
				25BFDB742C354E7F00D73993 /* SearchScreenDialog.swift */,
				25BFDB792C357BC800D73993 /* ElasticSearchViewModel.swift */,
			);
			path = SearchDialog;
			sourceTree = "<group>";
		};
		25BFDB7B2C35CF9400D73993 /* OrderGo */ = {
			isa = PBXGroup;
			children = (
				25BFDB7C2C35CFA400D73993 /* OrderGoView.swift */,
				25BFDB7E2C35DD4700D73993 /* CarSelectionView.swift */,
				2565CF8C2C42690300FCC08A /* DialogWish.swift */,
				2565CF902C42B7B700FCC08A /* DialogComment.swift */,
				2565CF922C42C25D00FCC08A /* DialogAnotherPerson.swift */,
				2565CF942C43D62600FCC08A /* DialogAddressLists.swift */,
			);
			path = OrderGo;
			sourceTree = "<group>";
		};
		25DA46842C649A2100C2A1AB /* TariffDialog */ = {
			isa = PBXGroup;
			children = (
				25DA46852C649A7400C2A1AB /* TariffDetailsView.swift */,
			);
			path = TariffDialog;
			sourceTree = "<group>";
		};
		25F91C772C7CD5E8001CAAB7 /* Bonus */ = {
			isa = PBXGroup;
			children = (
				25F91C752C7CCDAD001CAAB7 /* BonusHomeItem.swift */,
				25F91C782C7CD5FC001CAAB7 /* DialogBonus.swift */,
			);
			path = Bonus;
			sourceTree = "<group>";
		};
		25F9E97B2CFAAD1100475A57 /* Socket */ = {
			isa = PBXGroup;
			children = (
				25F9E97E2CFAAEB600475A57 /* SocketViewModel.swift */,
			);
			path = Socket;
			sourceTree = "<group>";
		};
/* End PBXGroup section */

/* Begin PBXNativeTarget section */
		2568776D2C258B190041E16A /* Geo Go */ = {
			isa = PBXNativeTarget;
			buildConfigurationList = 2568777C2C258B1B0041E16A /* Build configuration list for PBXNativeTarget "Geo Go" */;
			buildPhases = (
				2568776A2C258B190041E16A /* Sources */,
				2568776B2C258B190041E16A /* Frameworks */,
				2568776C2C258B190041E16A /* Resources */,
			);
			buildRules = (
			);
			dependencies = (
			);
			name = "Geo Go";
			packageProductDependencies = (
				256877B32C2D5F5D0041E16A /* iPhoneNumberField */,
				256EAEBA2C2D9A8100FA7A5C /* MapboxMaps */,
				256EAECA2C2F1CE400FA7A5C /* OTPView */,
				25BFDB5F2C33EB9700D73993 /* Lottie */,
				25F9E9792CFAAC0A00475A57 /* SocketIO */,
				256F36EE2CFCE78C00CE3E8A /* Shimmer */,
			);
			productName = "Geo Go";
			productReference = 2568776E2C258B190041E16A /* Geo Go.app */;
			productType = "com.apple.product-type.application";
		};
/* End PBXNativeTarget section */

/* Begin PBXProject section */
		256877662C258B190041E16A /* Project object */ = {
			isa = PBXProject;
			attributes = {
				BuildIndependentTargetsInParallel = 1;
				LastSwiftUpdateCheck = 1530;
				LastUpgradeCheck = 1530;
				TargetAttributes = {
					2568776D2C258B190041E16A = {
						CreatedOnToolsVersion = 15.3;
					};
				};
			};
			buildConfigurationList = 256877692C258B190041E16A /* Build configuration list for PBXProject "Geo Go" */;
			compatibilityVersion = "Xcode 14.0";
			developmentRegion = en;
			hasScannedForEncodings = 0;
			knownRegions = (
				en,
				Base,
				uz,
				ru,
				kaa,
			);
			mainGroup = 256877652C258B190041E16A;
			packageReferences = (
				256877B22C2D5F5D0041E16A /* XCRemoteSwiftPackageReference "iPhoneNumberField" */,
				256EAEB92C2D9A8100FA7A5C /* XCRemoteSwiftPackageReference "mapbox-maps-ios" */,
				256EAEC92C2F1CE400FA7A5C /* XCRemoteSwiftPackageReference "otpview-swiftui" */,
				25BFDB5E2C33EB9700D73993 /* XCRemoteSwiftPackageReference "lottie-spm" */,
				25F9E9782CFAAC0900475A57 /* XCRemoteSwiftPackageReference "socket" */,
				256F36ED2CFCE78C00CE3E8A /* XCRemoteSwiftPackageReference "SwiftUI-Shimmer" */,
			);
			productRefGroup = 2568776F2C258B190041E16A /* Products */;
			projectDirPath = "";
			projectRoot = "";
			targets = (
				2568776D2C258B190041E16A /* Geo Go */,
			);
		};
/* End PBXProject section */

/* Begin PBXResourcesBuildPhase section */
		2568776C2C258B190041E16A /* Resources */ = {
			isa = PBXResourcesBuildPhase;
			buildActionMask = 2147483647;
			files = (
				256877792C258B1B0041E16A /* Preview Assets.xcassets in Resources */,
				25BFDB812C35DE8B00D73993 /* swipe_right.json in Resources */,
				25966BD42CE543A40036D4DF /* search_car.json in Resources */,
				252C75B92CE931F800779995 /* loader_circles.json in Resources */,
				2565CFB02C5D145000FCC08A /* loading.json in Resources */,
				25F91C812C807EA3001CAAB7 /* empty_list.json in Resources */,
				256877932C25C4E80041E16A /* Localizable.strings in Resources */,
				25BFDB622C33ED0C00D73993 /* marker_location.json in Resources */,
				256877762C258B1B0041E16A /* Assets.xcassets in Resources */,
			);
			runOnlyForDeploymentPostprocessing = 0;
		};
/* End PBXResourcesBuildPhase section */

/* Begin PBXSourcesBuildPhase section */
		2568776A2C258B190041E16A /* Sources */ = {
			isa = PBXSourcesBuildPhase;
			buildActionMask = 2147483647;
			files = (
				25A51DD22C6CE54900C2FBB0 /* FavScreen.swift in Sources */,
				2565CFA02C4678CD00FCC08A /* MapBoxExt.swift in Sources */,
				252E5C272C3C7F8700C132AF /* CustomBottomSheet.swift in Sources */,
				25B20C212C5F6B3600F50017 /* FeedbackViewModel.swift in Sources */,
				25BFDB752C354E7F00D73993 /* SearchScreenDialog.swift in Sources */,
				256877A32C25D1470041E16A /* NetworkService.swift in Sources */,
				256EAED32C309CB500FA7A5C /* MainViewModel.swift in Sources */,
				25F91C832C8086E1001CAAB7 /* DiscountVm.swift in Sources */,
				25BC2C5C2C761ECD00484F69 /* NewsViewModel.swift in Sources */,
				25BFDB712C34823B00D73993 /* GenerateResponse.swift in Sources */,
				25F91C762C7CCDAD001CAAB7 /* BonusHomeItem.swift in Sources */,
				25A51DCF2C6CE52200C2FBB0 /* PaymentScreen.swift in Sources */,
				256877AB2C26B0870041E16A /* AddNameScreen.swift in Sources */,
				256C13892C99A6D3007FAAC9 /* AddCardScreen.swift in Sources */,
				2565CFB52C5E74DC00FCC08A /* DriverFoundView.swift in Sources */,
				2568778F2C25C2A80041E16A /* Alert.swift in Sources */,
				256877862C25C17C0041E16A /* AccessScreen.swift in Sources */,
				252E5C212C3C075900C132AF /* Estimate.swift in Sources */,
				256EAEB82C2D8B4F00FA7A5C /* HomeScreen.swift in Sources */,
				2565CFA22C467FFC00FCC08A /* ViewAnnotation.swift in Sources */,
				256EAED82C309DE900FA7A5C /* MapConfig.swift in Sources */,
				256EAEDA2C309F9900FA7A5C /* HomeScreenDrawer.swift in Sources */,
				25A51DCA2C6CDF6D00C2FBB0 /* MyTripsScreen.swift in Sources */,
				2565CFA52C4E31CF00FCC08A /* DialogSelectBonus.swift in Sources */,
				25B20C2E2C634B0300F50017 /* Line.swift in Sources */,
				25BFDB782C357B8500D73993 /* ElasticSearch.swift in Sources */,
				256EAED12C2FC8D300FA7A5C /* EnterCodeViewModel.swift in Sources */,
				25A51DE62C6E2CC100C2FBB0 /* DateOrderHistory.swift in Sources */,
				25B20C302C6355DF00F50017 /* RateView.swift in Sources */,
				25A51DE42C6CE62600C2FBB0 /* AboutAppScreen.swift in Sources */,
				256EAEC82C2F193700FA7A5C /* EnterCodeScreen.swift in Sources */,
				2565CF912C42B7B700FCC08A /* DialogComment.swift in Sources */,
				2568779C2C25C93D0041E16A /* GGButton.swift in Sources */,
				25B20C232C63164F00F50017 /* TestView.swift in Sources */,
				25B20C2C2C6347B000F50017 /* GGText.swift in Sources */,
				256C138B2C99B670007FAAC9 /* OTPField.swift in Sources */,
				25BFDB7D2C35CFA400D73993 /* OrderGoView.swift in Sources */,
				25BFDB682C345DF700D73993 /* WhatsNewView.swift in Sources */,
				25BC2C562C76093B00484F69 /* WebView.swift in Sources */,
				25BFDB732C34891800D73993 /* AddressHistory.swift in Sources */,
				2565CFA72C54FC3400FCC08A /* Bonus.swift in Sources */,
				2565CF9C2C453CED00FCC08A /* PolyLineUtils.swift in Sources */,
				2565CF8F2C42A36F00FCC08A /* Options.swift in Sources */,
				252BACDC2CFBC616004EBC64 /* NearDrivers.swift in Sources */,
				2565CF932C42C25E00FCC08A /* DialogAnotherPerson.swift in Sources */,
				25A51DDE2C6CE5EB00C2FBB0 /* NewsScreen.swift in Sources */,
				25966BDC2CE6D2250036D4DF /* BottomSheetViewCustom.swift in Sources */,
				2565CF952C43D62600FCC08A /* DialogAddressLists.swift in Sources */,
				25B20C292C63464900F50017 /* FinishOrder.swift in Sources */,
				25F9E97F2CFAAEBA00475A57 /* SocketViewModel.swift in Sources */,
				25BFDB7A2C357BC800D73993 /* ElasticSearchViewModel.swift in Sources */,
				2565CFAE2C5BA85F00FCC08A /* SearchDriver.swift in Sources */,
				25A51DD82C6CE57700C2FBB0 /* DiscountScreen.swift in Sources */,
				2565CF972C44CC9F00FCC08A /* Utils.swift in Sources */,
				2568778C2C25C25A0041E16A /* LocationManager.swift in Sources */,
				2565CF9A2C45055D00FCC08A /* Routing.swift in Sources */,
				257F40122D11755900BB2373 /* LinkedList.swift in Sources */,
				256C138F2CA007A8007FAAC9 /* ViewModelAddCard.swift in Sources */,
				25F91C792C7CD5FC001CAAB7 /* DialogBonus.swift in Sources */,
				256EAEDC2C30A2C500FA7A5C /* DrawerBtn.swift in Sources */,
				256EAECF2C2F22F100FA7A5C /* EnterPhoneViewModel.swift in Sources */,
				25966BD02CE408730036D4DF /* StatusDependentView.swift in Sources */,
				25966BD82CE650170036D4DF /* LanguageViewModel.swift in Sources */,
				256877882C25C1D90041E16A /* AccessViewModel.swift in Sources */,
				256EAECD2C2F21DE00FA7A5C /* RegistrationRequest.swift in Sources */,
				25BC2C582C76099600484F69 /* TermsOfUseAndPPScreen.swift in Sources */,
				256877992C25C63C0041E16A /* LoadingView.swift in Sources */,
				25BFDB642C3404BC00D73993 /* MarkerMoveListener.swift in Sources */,
				2508EACA2C73DEB3008CCC12 /* CheckBoxView.swift in Sources */,
				25DA46862C649A7400C2A1AB /* TariffDetailsView.swift in Sources */,
				25BFDB5B2C33E61700D73993 /* RoundedCorners.swift in Sources */,
				256877722C258B190041E16A /* Geo_GoApp.swift in Sources */,
				252E5C242C3C29CF00C132AF /* EstimateHelper.swift in Sources */,
				256F370E2CFFA67000CE3E8A /* MapColors.swift in Sources */,
				257F40142D11E64600BB2373 /* MapHelper.swift in Sources */,
				259DEA0B2CC2F74700B1AB41 /* ProfileScreen.swift in Sources */,
				25B20C1F2C5F6AC900F50017 /* CancelOrder.swift in Sources */,
				256877A82C25D1FF0041E16A /* NetworkError.swift in Sources */,
				25BC2C5A2C761E8A00484F69 /* NewsModel.swift in Sources */,
				25B56A852CEA6B59001B58EC /* CustomKeyboardView.swift in Sources */,
				25B20C262C6328C400F50017 /* GGImage.swift in Sources */,
				2565CF9E2C4547FF00FCC08A /* Algorithms.swift in Sources */,
				25B7E08D2D00FF8F00ED47DA /* RideDetailsView.swift in Sources */,
				25F91C7F2C807B34001CAAB7 /* Discount.swift in Sources */,
				25BFDB662C343A8700D73993 /* ReverseModel.swift in Sources */,
				25BFDB7F2C35DD4700D73993 /* CarSelectionView.swift in Sources */,
				25BFDB872C36BFF900D73993 /* DataHolder.swift in Sources */,
				256EAED52C309D8900FA7A5C /* MapStyle.swift in Sources */,
				25F91C7B2C7CDB55001CAAB7 /* Extensions.swift in Sources */,
				257F40102D1174AF00BB2373 /* LineProcessor.swift in Sources */,
				256C13912CA0087B007FAAC9 /* AddConfirmCardModels.swift in Sources */,
				2565CF8D2C42690300FCC08A /* DialogWish.swift in Sources */,
				25B20C1D2C5F67A100F50017 /* DialogBottomCancelOrder.swift in Sources */,
				25966BD22CE531E70036D4DF /* ShimmerViewModifier.swift in Sources */,
				25966BCE2CE4076C0036D4DF /* DefaultContentView.swift in Sources */,
				25A51DCC2C6CDF8400C2FBB0 /* MyTripsViewModel.swift in Sources */,
				256877AE2C26DD560041E16A /* EnterPhoneScreen.swift in Sources */,
				25966BDA2CE6507E0036D4DF /* DialogLanguage.swift in Sources */,
				25BFDB832C35E62500D73993 /* ServiceTariffs.swift in Sources */,
				2565CFB22C5DDFC400FCC08A /* OrderInfo.swift in Sources */,
				25B20C322C63978F00F50017 /* DialogToolBar.swift in Sources */,
				25BFDB6E2C347E7500D73993 /* Hmac.swift in Sources */,
				2565CFA92C5B5CE900FCC08A /* CreateOrder.swift in Sources */,
				2568779F2C25CA150041E16A /* Constants.swift in Sources */,
				25BFDB6B2C346FD400D73993 /* SearchTextView.swift in Sources */,
				25BFDB5D2C33EAA000D73993 /* MarkerView.swift in Sources */,
				256877A52C25D16F0041E16A /* GetServerLinks.swift in Sources */,
			);
			runOnlyForDeploymentPostprocessing = 0;
		};
/* End PBXSourcesBuildPhase section */

/* Begin PBXVariantGroup section */
		256877912C25C4E80041E16A /* Localizable.strings */ = {
			isa = PBXVariantGroup;
			children = (
				256877922C25C4E80041E16A /* en */,
				256877942C25C55D0041E16A /* kaa */,
				256877952C25C55F0041E16A /* ru */,
				256877962C25C5600041E16A /* uz */,
			);
			name = Localizable.strings;
			sourceTree = "<group>";
		};
/* End PBXVariantGroup section */

/* Begin XCBuildConfiguration section */
		2568777A2C258B1B0041E16A /* Debug */ = {
			isa = XCBuildConfiguration;
			buildSettings = {
				ALWAYS_SEARCH_USER_PATHS = NO;
				ASSETCATALOG_COMPILER_GENERATE_SWIFT_ASSET_SYMBOL_EXTENSIONS = YES;
				CLANG_ANALYZER_NONNULL = YES;
				CLANG_ANALYZER_NUMBER_OBJECT_CONVERSION = YES_AGGRESSIVE;
				CLANG_CXX_LANGUAGE_STANDARD = "gnu++20";
				CLANG_ENABLE_MODULES = YES;
				CLANG_ENABLE_OBJC_ARC = YES;
				CLANG_ENABLE_OBJC_WEAK = YES;
				CLANG_WARN_BLOCK_CAPTURE_AUTORELEASING = YES;
				CLANG_WARN_BOOL_CONVERSION = YES;
				CLANG_WARN_COMMA = YES;
				CLANG_WARN_CONSTANT_CONVERSION = YES;
				CLANG_WARN_DEPRECATED_OBJC_IMPLEMENTATIONS = YES;
				CLANG_WARN_DIRECT_OBJC_ISA_USAGE = YES_ERROR;
				CLANG_WARN_DOCUMENTATION_COMMENTS = YES;
				CLANG_WARN_EMPTY_BODY = YES;
				CLANG_WARN_ENUM_CONVERSION = YES;
				CLANG_WARN_INFINITE_RECURSION = YES;
				CLANG_WARN_INT_CONVERSION = YES;
				CLANG_WARN_NON_LITERAL_NULL_CONVERSION = YES;
				CLANG_WARN_OBJC_IMPLICIT_RETAIN_SELF = YES;
				CLANG_WARN_OBJC_LITERAL_CONVERSION = YES;
				CLANG_WARN_OBJC_ROOT_CLASS = YES_ERROR;
				CLANG_WARN_QUOTED_INCLUDE_IN_FRAMEWORK_HEADER = YES;
				CLANG_WARN_RANGE_LOOP_ANALYSIS = YES;
				CLANG_WARN_STRICT_PROTOTYPES = YES;
				CLANG_WARN_SUSPICIOUS_MOVE = YES;
				CLANG_WARN_UNGUARDED_AVAILABILITY = YES_AGGRESSIVE;
				CLANG_WARN_UNREACHABLE_CODE = YES;
				CLANG_WARN__DUPLICATE_METHOD_MATCH = YES;
				COPY_PHASE_STRIP = NO;
				DEBUG_INFORMATION_FORMAT = dwarf;
				ENABLE_STRICT_OBJC_MSGSEND = YES;
				ENABLE_TESTABILITY = YES;
				ENABLE_USER_SCRIPT_SANDBOXING = YES;
				GCC_C_LANGUAGE_STANDARD = gnu17;
				GCC_DYNAMIC_NO_PIC = NO;
				GCC_NO_COMMON_BLOCKS = YES;
				GCC_OPTIMIZATION_LEVEL = 0;
				GCC_PREPROCESSOR_DEFINITIONS = (
					"DEBUG=1",
					"$(inherited)",
				);
				GCC_WARN_64_TO_32_BIT_CONVERSION = YES;
				GCC_WARN_ABOUT_RETURN_TYPE = YES_ERROR;
				GCC_WARN_UNDECLARED_SELECTOR = YES;
				GCC_WARN_UNINITIALIZED_AUTOS = YES_AGGRESSIVE;
				GCC_WARN_UNUSED_FUNCTION = YES;
				GCC_WARN_UNUSED_VARIABLE = YES;
				IPHONEOS_DEPLOYMENT_TARGET = 17.4;
				LOCALIZATION_PREFERS_STRING_CATALOGS = YES;
				MTL_ENABLE_DEBUG_INFO = INCLUDE_SOURCE;
				MTL_FAST_MATH = YES;
				ONLY_ACTIVE_ARCH = YES;
				SDKROOT = iphoneos;
				SWIFT_ACTIVE_COMPILATION_CONDITIONS = "DEBUG $(inherited)";
				SWIFT_OPTIMIZATION_LEVEL = "-Onone";
			};
			name = Debug;
		};
		2568777B2C258B1B0041E16A /* Release */ = {
			isa = XCBuildConfiguration;
			buildSettings = {
				ALWAYS_SEARCH_USER_PATHS = NO;
				ASSETCATALOG_COMPILER_GENERATE_SWIFT_ASSET_SYMBOL_EXTENSIONS = YES;
				CLANG_ANALYZER_NONNULL = YES;
				CLANG_ANALYZER_NUMBER_OBJECT_CONVERSION = YES_AGGRESSIVE;
				CLANG_CXX_LANGUAGE_STANDARD = "gnu++20";
				CLANG_ENABLE_MODULES = YES;
				CLANG_ENABLE_OBJC_ARC = YES;
				CLANG_ENABLE_OBJC_WEAK = YES;
				CLANG_WARN_BLOCK_CAPTURE_AUTORELEASING = YES;
				CLANG_WARN_BOOL_CONVERSION = YES;
				CLANG_WARN_COMMA = YES;
				CLANG_WARN_CONSTANT_CONVERSION = YES;
				CLANG_WARN_DEPRECATED_OBJC_IMPLEMENTATIONS = YES;
				CLANG_WARN_DIRECT_OBJC_ISA_USAGE = YES_ERROR;
				CLANG_WARN_DOCUMENTATION_COMMENTS = YES;
				CLANG_WARN_EMPTY_BODY = YES;
				CLANG_WARN_ENUM_CONVERSION = YES;
				CLANG_WARN_INFINITE_RECURSION = YES;
				CLANG_WARN_INT_CONVERSION = YES;
				CLANG_WARN_NON_LITERAL_NULL_CONVERSION = YES;
				CLANG_WARN_OBJC_IMPLICIT_RETAIN_SELF = YES;
				CLANG_WARN_OBJC_LITERAL_CONVERSION = YES;
				CLANG_WARN_OBJC_ROOT_CLASS = YES_ERROR;
				CLANG_WARN_QUOTED_INCLUDE_IN_FRAMEWORK_HEADER = YES;
				CLANG_WARN_RANGE_LOOP_ANALYSIS = YES;
				CLANG_WARN_STRICT_PROTOTYPES = YES;
				CLANG_WARN_SUSPICIOUS_MOVE = YES;
				CLANG_WARN_UNGUARDED_AVAILABILITY = YES_AGGRESSIVE;
				CLANG_WARN_UNREACHABLE_CODE = YES;
				CLANG_WARN__DUPLICATE_METHOD_MATCH = YES;
				COPY_PHASE_STRIP = NO;
				DEBUG_INFORMATION_FORMAT = "dwarf-with-dsym";
				ENABLE_NS_ASSERTIONS = NO;
				ENABLE_STRICT_OBJC_MSGSEND = YES;
				ENABLE_USER_SCRIPT_SANDBOXING = YES;
				GCC_C_LANGUAGE_STANDARD = gnu17;
				GCC_NO_COMMON_BLOCKS = YES;
				GCC_WARN_64_TO_32_BIT_CONVERSION = YES;
				GCC_WARN_ABOUT_RETURN_TYPE = YES_ERROR;
				GCC_WARN_UNDECLARED_SELECTOR = YES;
				GCC_WARN_UNINITIALIZED_AUTOS = YES_AGGRESSIVE;
				GCC_WARN_UNUSED_FUNCTION = YES;
				GCC_WARN_UNUSED_VARIABLE = YES;
				IPHONEOS_DEPLOYMENT_TARGET = 17.4;
				LOCALIZATION_PREFERS_STRING_CATALOGS = YES;
				MTL_ENABLE_DEBUG_INFO = NO;
				MTL_FAST_MATH = YES;
				SDKROOT = iphoneos;
				SWIFT_COMPILATION_MODE = wholemodule;
				VALIDATE_PRODUCT = YES;
			};
			name = Release;
		};
		2568777D2C258B1B0041E16A /* Debug */ = {
			isa = XCBuildConfiguration;
			buildSettings = {
				ASSETCATALOG_COMPILER_APPICON_NAME = AppIcon;
				ASSETCATALOG_COMPILER_GLOBAL_ACCENT_COLOR_NAME = AccentColor;
				ASSETCATALOG_COMPILER_INCLUDE_ALL_APPICON_ASSETS = YES;
				CODE_SIGN_ENTITLEMENTS = "Geo Go/Geo Go.entitlements";
				CODE_SIGN_STYLE = Automatic;
				CURRENT_PROJECT_VERSION = 5;
				DEVELOPMENT_ASSET_PATHS = "\"Geo Go/Preview Content\"";
				DEVELOPMENT_TEAM = V7RW49DS4B;
				ENABLE_PREVIEWS = YES;
				GENERATE_INFOPLIST_FILE = YES;
				INFOPLIST_FILE = "Geo-Go-Info.plist";
				INFOPLIST_KEY_CFBundleDisplayName = "Geo Go";
				INFOPLIST_KEY_LSApplicationCategoryType = "public.app-category.travel";
				INFOPLIST_KEY_NSLocationAlwaysAndWhenInUseUsageDescription = "";
				INFOPLIST_KEY_NSLocationWhenInUseUsageDescription = "";
				INFOPLIST_KEY_UIApplicationSceneManifest_Generation = YES;
				INFOPLIST_KEY_UIApplicationSupportsIndirectInputEvents = YES;
				INFOPLIST_KEY_UILaunchScreen_Generation = YES;
				INFOPLIST_KEY_UISupportedInterfaceOrientations_iPad = "UIInterfaceOrientationPortrait UIInterfaceOrientationPortraitUpsideDown UIInterfaceOrientationLandscapeLeft UIInterfaceOrientationLandscapeRight";
				INFOPLIST_KEY_UISupportedInterfaceOrientations_iPhone = "UIInterfaceOrientationPortrait UIInterfaceOrientationLandscapeLeft UIInterfaceOrientationLandscapeRight";
				LD_RUNPATH_SEARCH_PATHS = (
					"$(inherited)",
					"@executable_path/Frameworks",
				);
				MARKETING_VERSION = 1.12.7;
				PRODUCT_BUNDLE_IDENTIFIER = "geogo-client";
				PRODUCT_NAME = "$(TARGET_NAME)";
				SWIFT_EMIT_LOC_STRINGS = YES;
				"SWIFT_OBJC_BRIDGING_HEADER[arch=*]" = "$(SRCROOT)/GeoGo-Bridging-Header.h";
				SWIFT_VERSION = 5.0;
				TARGETED_DEVICE_FAMILY = "1,2";
			};
			name = Debug;
		};
		2568777E2C258B1B0041E16A /* Release */ = {
			isa = XCBuildConfiguration;
			buildSettings = {
				ASSETCATALOG_COMPILER_APPICON_NAME = AppIcon;
				ASSETCATALOG_COMPILER_GLOBAL_ACCENT_COLOR_NAME = AccentColor;
				ASSETCATALOG_COMPILER_INCLUDE_ALL_APPICON_ASSETS = YES;
				CODE_SIGN_ENTITLEMENTS = "Geo Go/Geo Go.entitlements";
				CODE_SIGN_STYLE = Automatic;
				CURRENT_PROJECT_VERSION = 5;
				DEVELOPMENT_ASSET_PATHS = "\"Geo Go/Preview Content\"";
				DEVELOPMENT_TEAM = V7RW49DS4B;
				ENABLE_PREVIEWS = YES;
				GENERATE_INFOPLIST_FILE = YES;
				INFOPLIST_FILE = "Geo-Go-Info.plist";
				INFOPLIST_KEY_CFBundleDisplayName = "Geo Go";
				INFOPLIST_KEY_LSApplicationCategoryType = "public.app-category.travel";
				INFOPLIST_KEY_NSLocationAlwaysAndWhenInUseUsageDescription = "";
				INFOPLIST_KEY_NSLocationWhenInUseUsageDescription = "";
				INFOPLIST_KEY_UIApplicationSceneManifest_Generation = YES;
				INFOPLIST_KEY_UIApplicationSupportsIndirectInputEvents = YES;
				INFOPLIST_KEY_UILaunchScreen_Generation = YES;
				INFOPLIST_KEY_UISupportedInterfaceOrientations_iPad = "UIInterfaceOrientationPortrait UIInterfaceOrientationPortraitUpsideDown UIInterfaceOrientationLandscapeLeft UIInterfaceOrientationLandscapeRight";
				INFOPLIST_KEY_UISupportedInterfaceOrientations_iPhone = "UIInterfaceOrientationPortrait UIInterfaceOrientationLandscapeLeft UIInterfaceOrientationLandscapeRight";
				LD_RUNPATH_SEARCH_PATHS = (
					"$(inherited)",
					"@executable_path/Frameworks",
				);
				MARKETING_VERSION = 1.12.7;
				PRODUCT_BUNDLE_IDENTIFIER = "geogo-client";
				PRODUCT_NAME = "$(TARGET_NAME)";
				SWIFT_EMIT_LOC_STRINGS = YES;
				"SWIFT_OBJC_BRIDGING_HEADER[arch=*]" = "$(SRCROOT)/GeoGo-Bridging-Header.h";
				SWIFT_VERSION = 5.0;
				TARGETED_DEVICE_FAMILY = "1,2";
			};
			name = Release;
		};
/* End XCBuildConfiguration section */

/* Begin XCConfigurationList section */
		256877692C258B190041E16A /* Build configuration list for PBXProject "Geo Go" */ = {
			isa = XCConfigurationList;
			buildConfigurations = (
				2568777A2C258B1B0041E16A /* Debug */,
				2568777B2C258B1B0041E16A /* Release */,
			);
			defaultConfigurationIsVisible = 0;
			defaultConfigurationName = Release;
		};
		2568777C2C258B1B0041E16A /* Build configuration list for PBXNativeTarget "Geo Go" */ = {
			isa = XCConfigurationList;
			buildConfigurations = (
				2568777D2C258B1B0041E16A /* Debug */,
				2568777E2C258B1B0041E16A /* Release */,
			);
			defaultConfigurationIsVisible = 0;
			defaultConfigurationName = Release;
		};
/* End XCConfigurationList section */

/* Begin XCRemoteSwiftPackageReference section */
		256877B22C2D5F5D0041E16A /* XCRemoteSwiftPackageReference "iPhoneNumberField" */ = {
			isa = XCRemoteSwiftPackageReference;
			repositoryURL = "https://github.com/MojtabaHs/iPhoneNumberField.git";
			requirement = {
				kind = upToNextMajorVersion;
				minimumVersion = 0.10.4;
			};
		};
		256EAEB92C2D9A8100FA7A5C /* XCRemoteSwiftPackageReference "mapbox-maps-ios" */ = {
			isa = XCRemoteSwiftPackageReference;
			repositoryURL = "https://github.com/mapbox/mapbox-maps-ios.git";
			requirement = {
				branch = main;
				kind = branch;
			};
		};
		256EAEC92C2F1CE400FA7A5C /* XCRemoteSwiftPackageReference "otpview-swiftui" */ = {
			isa = XCRemoteSwiftPackageReference;
			repositoryURL = "https://github.com/mukeshsolanki/otpview-swiftui.git";
			requirement = {
				kind = upToNextMajorVersion;
				minimumVersion = 1.0.0;
			};
		};
		256F36ED2CFCE78C00CE3E8A /* XCRemoteSwiftPackageReference "SwiftUI-Shimmer" */ = {
			isa = XCRemoteSwiftPackageReference;
			repositoryURL = "https://github.com/markiv/SwiftUI-Shimmer.git";
			requirement = {
				kind = upToNextMajorVersion;
				minimumVersion = 1.5.1;
			};
		};
		25BFDB5E2C33EB9700D73993 /* XCRemoteSwiftPackageReference "lottie-spm" */ = {
			isa = XCRemoteSwiftPackageReference;
			repositoryURL = "https://github.com/airbnb/lottie-spm.git";
			requirement = {
				kind = upToNextMajorVersion;
				minimumVersion = 4.4.3;
			};
		};
		25F9E9782CFAAC0900475A57 /* XCRemoteSwiftPackageReference "socket" */ = {
			isa = XCRemoteSwiftPackageReference;
			repositoryURL = "https://github.com/socketio/socket.io-client-swift";
			requirement = {
				branch = master;
				kind = branch;
			};
		};
/* End XCRemoteSwiftPackageReference section */

/* Begin XCSwiftPackageProductDependency section */
		256877B32C2D5F5D0041E16A /* iPhoneNumberField */ = {
			isa = XCSwiftPackageProductDependency;
			package = 256877B22C2D5F5D0041E16A /* XCRemoteSwiftPackageReference "iPhoneNumberField" */;
			productName = iPhoneNumberField;
		};
		256EAEBA2C2D9A8100FA7A5C /* MapboxMaps */ = {
			isa = XCSwiftPackageProductDependency;
			package = 256EAEB92C2D9A8100FA7A5C /* XCRemoteSwiftPackageReference "mapbox-maps-ios" */;
			productName = MapboxMaps;
		};
		256EAECA2C2F1CE400FA7A5C /* OTPView */ = {
			isa = XCSwiftPackageProductDependency;
			package = 256EAEC92C2F1CE400FA7A5C /* XCRemoteSwiftPackageReference "otpview-swiftui" */;
			productName = OTPView;
		};
		256F36EE2CFCE78C00CE3E8A /* Shimmer */ = {
			isa = XCSwiftPackageProductDependency;
			package = 256F36ED2CFCE78C00CE3E8A /* XCRemoteSwiftPackageReference "SwiftUI-Shimmer" */;
			productName = Shimmer;
		};
		25BFDB5F2C33EB9700D73993 /* Lottie */ = {
			isa = XCSwiftPackageProductDependency;
			package = 25BFDB5E2C33EB9700D73993 /* XCRemoteSwiftPackageReference "lottie-spm" */;
			productName = Lottie;
		};
		25F9E9792CFAAC0A00475A57 /* SocketIO */ = {
			isa = XCSwiftPackageProductDependency;
			package = 25F9E9782CFAAC0900475A57 /* XCRemoteSwiftPackageReference "socket" */;
			productName = SocketIO;
		};
/* End XCSwiftPackageProductDependency section */
	};
	rootObject = 256877662C258B190041E16A /* Project object */;
}
